
Microsoft Visual Studio Solution File, Format Version 12.00
# Visual Studio Version 17
VisualStudioVersion = 17.2.32630.192
MinimumVisualStudioVersion = 10.0.40219.1
Project("{9A19103F-16F7-4668-BE54-9A1E7A4F7556}") = "R5T.Z0046", "R5T.Z0046\R5T.Z0046.csproj", "{DD20C05B-C50D-44AB-854C-ECB80DFA2748}"
EndProject
Project("{2150E333-8FDC-42A3-9474-1A3956D46DE8}") = "_Dependencies", "_Dependencies", "{EA26B90B-21FD-4DF3-954C-19E9C0FDC429}"
EndProject
Project("{9A19103F-16F7-4668-BE54-9A1E7A4F7556}") = "R5T.T0132", "..\..\R5T.T0132\source\R5T.T0132\R5T.T0132.csproj", "{4660ADDE-B878-4C50-986C-E7B91D406648}"
EndProject
Project("{9A19103F-16F7-4668-BE54-9A1E7A4F7556}") = "R5T.T0142", "..\..\R5T.T0142\source\R5T.T0142\R5T.T0142.csproj", "{0B8F7DF9-B31F-43E0-B1A2-F263858AAE54}"
EndProject
Project("{9A19103F-16F7-4668-BE54-9A1E7A4F7556}") = "R5T.T0143", "..\..\R5T.T0143\source\R5T.T0143\R5T.T0143.csproj", "{DE20DE8C-51BC-4786-89AE-581DE9B818A6}"
EndProject
Project("{9A19103F-16F7-4668-BE54-9A1E7A4F7556}") = "R5T.T0150", "..\..\R5T.T0150\source\R5T.T0150\R5T.T0150.csproj", "{888D2BF5-3DF6-46D6-927D-454142AC0303}"
EndProject
Project("{9A19103F-16F7-4668-BE54-9A1E7A4F7556}") = "R5T.T0151", "..\..\R5T.T0151\source\R5T.T0151\R5T.T0151.csproj", "{E2428367-AED7-4A17-AF01-F637CA10EFD1}"
EndProject
Project("{9A19103F-16F7-4668-BE54-9A1E7A4F7556}") = "R5T.T0172", "..\..\R5T.T0172\source\R5T.T0172\R5T.T0172.csproj", "{411A5915-ABBD-4DFE-8726-4770100C5AB0}"
EndProject
Project("{9A19103F-16F7-4668-BE54-9A1E7A4F7556}") = "R5T.T0178", "..\..\R5T.T0178\source\R5T.T0178\R5T.T0178.csproj", "{A96D4A3D-BB99-45C7-9B25-946EFF04A40A}"
EndProject
Project("{9A19103F-16F7-4668-BE54-9A1E7A4F7556}") = "R5T.T0179", "..\..\R5T.T0179\source\R5T.T0179\R5T.T0179.csproj", "{0533983C-BE95-49A7-BB74-00CA3351B43A}"
EndProject
Project("{9A19103F-16F7-4668-BE54-9A1E7A4F7556}") = "R5T.T0180", "..\..\R5T.T0180\source\R5T.T0180\R5T.T0180.csproj", "{C945D0B4-E1DB-405E-A411-203A4E23C78A}"
EndProject
Project("{9A19103F-16F7-4668-BE54-9A1E7A4F7556}") = "R5T.T0181", "..\..\R5T.T0181\source\R5T.T0181\R5T.T0181.csproj", "{6C0D9CE6-6CC2-42C9-A6F2-2CF5620D0DE4}"
EndProject
Project("{9A19103F-16F7-4668-BE54-9A1E7A4F7556}") = "R5T.T0131", "..\..\R5T.T0131\source\R5T.T0131\R5T.T0131.csproj", "{E779D757-4539-41ED-AA0B-41C04A3DFA83}"
EndProject
Project("{9A19103F-16F7-4668-BE54-9A1E7A4F7556}") = "R5T.T0161", "..\..\R5T.T0161\source\R5T.T0161\R5T.T0161.csproj", "{9E24E359-AF16-4689-BA46-5BE558BC9178}"
EndProject
Project("{9A19103F-16F7-4668-BE54-9A1E7A4F7556}") = "R5T.T0185", "..\..\R5T.T0185\source\R5T.T0185\R5T.T0185.csproj", "{437205F8-8B9A-47AD-848C-8F3AFCF25847}"
EndProject
Project("{9A19103F-16F7-4668-BE54-9A1E7A4F7556}") = "R5T.T0187", "..\..\R5T.T0187\source\R5T.T0187\R5T.T0187.csproj", "{E7140801-DEFB-42CA-9E55-759751E6267A}"
EndProject
Project("{9A19103F-16F7-4668-BE54-9A1E7A4F7556}") = "R5T.F0000", "..\..\R5T.F0000\source\R5T.F0000\R5T.F0000.csproj", "{2871BF73-6FCA-483E-BE31-4879B900F644}"
EndProject
Project("{9A19103F-16F7-4668-BE54-9A1E7A4F7556}") = "R5T.F0002", "..\..\R5T.F0002\source\R5T.F0002\R5T.F0002.csproj", "{50E589BB-CAF7-496F-AFF8-D27F4DE9CAD7}"
EndProject
Project("{9A19103F-16F7-4668-BE54-9A1E7A4F7556}") = "R5T.F0120", "..\..\R5T.F0120\source\R5T.F0120\R5T.F0120.csproj", "{36B4DFFC-38B8-473D-A2B0-8F24F3E5FB47}"
EndProject
Project("{9A19103F-16F7-4668-BE54-9A1E7A4F7556}") = "R5T.F0124", "..\..\R5T.F0124\source\R5T.F0124\R5T.F0124.csproj", "{38422F08-C88D-40BA-BB27-051FE4C5E496}"
EndProject
Project("{9A19103F-16F7-4668-BE54-9A1E7A4F7556}") = "R5T.L0030.T000", "..\..\R5T.L0030\source\R5T.L0030.T000\R5T.L0030.T000.csproj", "{EAA7DCC0-BF42-4C2B-BCF6-53D46E5A4EF3}"
EndProject
Project("{9A19103F-16F7-4668-BE54-9A1E7A4F7556}") = "R5T.L0030", "..\..\R5T.L0030\source\R5T.L0030\R5T.L0030.csproj", "{41E0032B-7571-4106-A728-B4303B55ED55}"
EndProject
Project("{9A19103F-16F7-4668-BE54-9A1E7A4F7556}") = "R5T.L0032.T000", "..\..\R5T.L0032\source\R5T.L0032.T000\R5T.L0032.T000.csproj", "{59FA0B77-2F0A-46D1-BB72-C3E61BDC61BA}"
EndProject
Project("{9A19103F-16F7-4668-BE54-9A1E7A4F7556}") = "R5T.L0034", "..\..\R5T.L0034\source\R5T.L0034\R5T.L0034.csproj", "{83801B80-CCEE-488D-983B-C1E4940C2ABD}"
EndProject
Project("{9A19103F-16F7-4668-BE54-9A1E7A4F7556}") = "R5T.NG0022", "..\..\R5T.NG0022\source\R5T.NG0022\R5T.NG0022.csproj", "{39A80E95-0E70-4AB0-9D73-9B4BBBA95426}"
EndProject
Project("{9A19103F-16F7-4668-BE54-9A1E7A4F7556}") = "R5T.T0156", "..\..\R5T.T0156\source\R5T.T0156\R5T.T0156.csproj", "{D6DA1944-9E64-4073-8661-041BA5FF7BC6}"
EndProject
Project("{9A19103F-16F7-4668-BE54-9A1E7A4F7556}") = "R5T.T0174", "..\..\R5T.T0174\source\R5T.T0174\R5T.T0174.csproj", "{42FF2EB5-07F6-43C7-93A4-D96ACA12A9BB}"
EndProject
Project("{9A19103F-16F7-4668-BE54-9A1E7A4F7556}") = "R5T.T0176", "..\..\R5T.T0176\source\R5T.T0176\R5T.T0176.csproj", "{6A267084-BD53-4712-AF17-F24EBF885E8A}"
EndProject
Project("{9A19103F-16F7-4668-BE54-9A1E7A4F7556}") = "R5T.T0177", "..\..\R5T.T0177\source\R5T.T0177\R5T.T0177.csproj", "{0549F19F-21DC-43E0-B65E-68286E8B632B}"
EndProject
Project("{9A19103F-16F7-4668-BE54-9A1E7A4F7556}") = "R5T.T0184", "..\..\R5T.T0184\source\R5T.T0184\R5T.T0184.csproj", "{9C8F2EE5-6200-41B8-97C9-3AC4DAB9C84F}"
EndProject
Project("{9A19103F-16F7-4668-BE54-9A1E7A4F7556}") = "R5T.T0186", "..\..\R5T.T0186\source\R5T.T0186\R5T.T0186.csproj", "{11C68EFB-E96F-4F6A-9A1E-9FB3045F2595}"
EndProject
Project("{9A19103F-16F7-4668-BE54-9A1E7A4F7556}") = "R5T.T0196", "..\..\R5T.T0196\source\R5T.T0196\R5T.T0196.csproj", "{A2E25DE0-ADE0-4337-8362-695E9BB40D85}"
EndProject
Project("{9A19103F-16F7-4668-BE54-9A1E7A4F7556}") = "R5T.T0197", "..\..\R5T.T0197\source\R5T.T0197\R5T.T0197.csproj", "{31D83E9A-6161-4D75-9D7C-95F2E4BEC476}"
EndProject
Project("{9A19103F-16F7-4668-BE54-9A1E7A4F7556}") = "R5T.T0198", "..\..\R5T.T0198\source\R5T.T0198\R5T.T0198.csproj", "{A5D69E8F-C8AC-4812-9F6C-D815426B32B1}"
EndProject
Project("{9A19103F-16F7-4668-BE54-9A1E7A4F7556}") = "R5T.T0200", "..\..\R5T.T0200\source\R5T.T0200\R5T.T0200.csproj", "{646217D0-E06B-4548-9BED-F3A6DD8C953B}"
EndProject
Project("{9A19103F-16F7-4668-BE54-9A1E7A4F7556}") = "R5T.T0203", "..\..\R5T.T0203\source\R5T.T0203\R5T.T0203.csproj", "{7E7F580D-C28B-4E05-9B4F-B910E8BF493D}"
EndProject
Project("{9A19103F-16F7-4668-BE54-9A1E7A4F7556}") = "R5T.Y0000", "..\..\R5T.Y0000\source\R5T.Y0000\R5T.Y0000.csproj", "{24AD0B7D-7053-4004-BA89-2F3494DFB5A3}"
EndProject
Project("{9A19103F-16F7-4668-BE54-9A1E7A4F7556}") = "R5T.Z0000", "..\..\R5T.Z0000\source\R5T.Z0000\R5T.Z0000.csproj", "{AABE5749-7609-4440-BCA9-AE34D7E88C87}"
EndProject
Global
	GlobalSection(NestedProjects) = preSolution
		{4660ADDE-B878-4C50-986C-E7B91D406648} = {EA26B90B-21FD-4DF3-954C-19E9C0FDC429}
		{0B8F7DF9-B31F-43E0-B1A2-F263858AAE54} = {EA26B90B-21FD-4DF3-954C-19E9C0FDC429}
		{DE20DE8C-51BC-4786-89AE-581DE9B818A6} = {EA26B90B-21FD-4DF3-954C-19E9C0FDC429}
		{888D2BF5-3DF6-46D6-927D-454142AC0303} = {EA26B90B-21FD-4DF3-954C-19E9C0FDC429}
		{E2428367-AED7-4A17-AF01-F637CA10EFD1} = {EA26B90B-21FD-4DF3-954C-19E9C0FDC429}
		{411A5915-ABBD-4DFE-8726-4770100C5AB0} = {EA26B90B-21FD-4DF3-954C-19E9C0FDC429}
		{A96D4A3D-BB99-45C7-9B25-946EFF04A40A} = {EA26B90B-21FD-4DF3-954C-19E9C0FDC429}
		{0533983C-BE95-49A7-BB74-00CA3351B43A} = {EA26B90B-21FD-4DF3-954C-19E9C0FDC429}
		{C945D0B4-E1DB-405E-A411-203A4E23C78A} = {EA26B90B-21FD-4DF3-954C-19E9C0FDC429}
		{6C0D9CE6-6CC2-42C9-A6F2-2CF5620D0DE4} = {EA26B90B-21FD-4DF3-954C-19E9C0FDC429}
		{E779D757-4539-41ED-AA0B-41C04A3DFA83} = {EA26B90B-21FD-4DF3-954C-19E9C0FDC429}
		{9E24E359-AF16-4689-BA46-5BE558BC9178} = {EA26B90B-21FD-4DF3-954C-19E9C0FDC429}
		{437205F8-8B9A-47AD-848C-8F3AFCF25847} = {EA26B90B-21FD-4DF3-954C-19E9C0FDC429}
		{E7140801-DEFB-42CA-9E55-759751E6267A} = {EA26B90B-21FD-4DF3-954C-19E9C0FDC429}
		{2871BF73-6FCA-483E-BE31-4879B900F644} = {EA26B90B-21FD-4DF3-954C-19E9C0FDC429}
		{50E589BB-CAF7-496F-AFF8-D27F4DE9CAD7} = {EA26B90B-21FD-4DF3-954C-19E9C0FDC429}
		{36B4DFFC-38B8-473D-A2B0-8F24F3E5FB47} = {EA26B90B-21FD-4DF3-954C-19E9C0FDC429}
		{38422F08-C88D-40BA-BB27-051FE4C5E496} = {EA26B90B-21FD-4DF3-954C-19E9C0FDC429}
		{EAA7DCC0-BF42-4C2B-BCF6-53D46E5A4EF3} = {EA26B90B-21FD-4DF3-954C-19E9C0FDC429}
		{41E0032B-7571-4106-A728-B4303B55ED55} = {EA26B90B-21FD-4DF3-954C-19E9C0FDC429}
		{59FA0B77-2F0A-46D1-BB72-C3E61BDC61BA} = {EA26B90B-21FD-4DF3-954C-19E9C0FDC429}
		{83801B80-CCEE-488D-983B-C1E4940C2ABD} = {EA26B90B-21FD-4DF3-954C-19E9C0FDC429}
		{39A80E95-0E70-4AB0-9D73-9B4BBBA95426} = {EA26B90B-21FD-4DF3-954C-19E9C0FDC429}
		{D6DA1944-9E64-4073-8661-041BA5FF7BC6} = {EA26B90B-21FD-4DF3-954C-19E9C0FDC429}
		{42FF2EB5-07F6-43C7-93A4-D96ACA12A9BB} = {EA26B90B-21FD-4DF3-954C-19E9C0FDC429}
		{6A267084-BD53-4712-AF17-F24EBF885E8A} = {EA26B90B-21FD-4DF3-954C-19E9C0FDC429}
		{0549F19F-21DC-43E0-B65E-68286E8B632B} = {EA26B90B-21FD-4DF3-954C-19E9C0FDC429}
		{9C8F2EE5-6200-41B8-97C9-3AC4DAB9C84F} = {EA26B90B-21FD-4DF3-954C-19E9C0FDC429}
		{11C68EFB-E96F-4F6A-9A1E-9FB3045F2595} = {EA26B90B-21FD-4DF3-954C-19E9C0FDC429}
		{A2E25DE0-ADE0-4337-8362-695E9BB40D85} = {EA26B90B-21FD-4DF3-954C-19E9C0FDC429}
		{31D83E9A-6161-4D75-9D7C-95F2E4BEC476} = {EA26B90B-21FD-4DF3-954C-19E9C0FDC429}
		{A5D69E8F-C8AC-4812-9F6C-D815426B32B1} = {EA26B90B-21FD-4DF3-954C-19E9C0FDC429}
		{646217D0-E06B-4548-9BED-F3A6DD8C953B} = {EA26B90B-21FD-4DF3-954C-19E9C0FDC429}
		{7E7F580D-C28B-4E05-9B4F-B910E8BF493D} = {EA26B90B-21FD-4DF3-954C-19E9C0FDC429}
		{24AD0B7D-7053-4004-BA89-2F3494DFB5A3} = {EA26B90B-21FD-4DF3-954C-19E9C0FDC429}
		{AABE5749-7609-4440-BCA9-AE34D7E88C87} = {EA26B90B-21FD-4DF3-954C-19E9C0FDC429}
	EndGlobalSection
	GlobalSection(SolutionConfigurationPlatforms) = preSolution
		Debug|Any CPU = Debug|Any CPU
		Release|Any CPU = Release|Any CPU
	EndGlobalSection
	GlobalSection(ProjectConfigurationPlatforms) = postSolution
		{DD20C05B-C50D-44AB-854C-ECB80DFA2748}.Debug|Any CPU.ActiveCfg = Debug|Any CPU
		{DD20C05B-C50D-44AB-854C-ECB80DFA2748}.Debug|Any CPU.Build.0 = Debug|Any CPU
		{DD20C05B-C50D-44AB-854C-ECB80DFA2748}.Release|Any CPU.ActiveCfg = Release|Any CPU
		{DD20C05B-C50D-44AB-854C-ECB80DFA2748}.Release|Any CPU.Build.0 = Release|Any CPU
		{4660ADDE-B878-4C50-986C-E7B91D406648}.Debug|Any CPU.ActiveCfg = Debug|Any CPU
		{4660ADDE-B878-4C50-986C-E7B91D406648}.Debug|Any CPU.Build.0 = Debug|Any CPU
		{4660ADDE-B878-4C50-986C-E7B91D406648}.Release|Any CPU.ActiveCfg = Release|Any CPU
		{4660ADDE-B878-4C50-986C-E7B91D406648}.Release|Any CPU.Build.0 = Release|Any CPU
		{0B8F7DF9-B31F-43E0-B1A2-F263858AAE54}.Debug|Any CPU.ActiveCfg = Debug|Any CPU
		{0B8F7DF9-B31F-43E0-B1A2-F263858AAE54}.Debug|Any CPU.Build.0 = Debug|Any CPU
		{0B8F7DF9-B31F-43E0-B1A2-F263858AAE54}.Release|Any CPU.ActiveCfg = Release|Any CPU
		{0B8F7DF9-B31F-43E0-B1A2-F263858AAE54}.Release|Any CPU.Build.0 = Release|Any CPU
		{DE20DE8C-51BC-4786-89AE-581DE9B818A6}.Debug|Any CPU.ActiveCfg = Debug|Any CPU
		{DE20DE8C-51BC-4786-89AE-581DE9B818A6}.Debug|Any CPU.Build.0 = Debug|Any CPU
		{DE20DE8C-51BC-4786-89AE-581DE9B818A6}.Release|Any CPU.ActiveCfg = Release|Any CPU
		{DE20DE8C-51BC-4786-89AE-581DE9B818A6}.Release|Any CPU.Build.0 = Release|Any CPU
		{888D2BF5-3DF6-46D6-927D-454142AC0303}.Debug|Any CPU.ActiveCfg = Debug|Any CPU
		{888D2BF5-3DF6-46D6-927D-454142AC0303}.Debug|Any CPU.Build.0 = Debug|Any CPU
		{888D2BF5-3DF6-46D6-927D-454142AC0303}.Release|Any CPU.ActiveCfg = Release|Any CPU
		{888D2BF5-3DF6-46D6-927D-454142AC0303}.Release|Any CPU.Build.0 = Release|Any CPU
		{E2428367-AED7-4A17-AF01-F637CA10EFD1}.Debug|Any CPU.ActiveCfg = Debug|Any CPU
		{E2428367-AED7-4A17-AF01-F637CA10EFD1}.Debug|Any CPU.Build.0 = Debug|Any CPU
		{E2428367-AED7-4A17-AF01-F637CA10EFD1}.Release|Any CPU.ActiveCfg = Release|Any CPU
		{E2428367-AED7-4A17-AF01-F637CA10EFD1}.Release|Any CPU.Build.0 = Release|Any CPU
		{411A5915-ABBD-4DFE-8726-4770100C5AB0}.Debug|Any CPU.ActiveCfg = Debug|Any CPU
		{411A5915-ABBD-4DFE-8726-4770100C5AB0}.Debug|Any CPU.Build.0 = Debug|Any CPU
		{411A5915-ABBD-4DFE-8726-4770100C5AB0}.Release|Any CPU.ActiveCfg = Release|Any CPU
		{411A5915-ABBD-4DFE-8726-4770100C5AB0}.Release|Any CPU.Build.0 = Release|Any CPU
		{A96D4A3D-BB99-45C7-9B25-946EFF04A40A}.Debug|Any CPU.ActiveCfg = Debug|Any CPU
		{A96D4A3D-BB99-45C7-9B25-946EFF04A40A}.Debug|Any CPU.Build.0 = Debug|Any CPU
		{A96D4A3D-BB99-45C7-9B25-946EFF04A40A}.Release|Any CPU.ActiveCfg = Release|Any CPU
		{A96D4A3D-BB99-45C7-9B25-946EFF04A40A}.Release|Any CPU.Build.0 = Release|Any CPU
		{0533983C-BE95-49A7-BB74-00CA3351B43A}.Debug|Any CPU.ActiveCfg = Debug|Any CPU
		{0533983C-BE95-49A7-BB74-00CA3351B43A}.Debug|Any CPU.Build.0 = Debug|Any CPU
		{0533983C-BE95-49A7-BB74-00CA3351B43A}.Release|Any CPU.ActiveCfg = Release|Any CPU
		{0533983C-BE95-49A7-BB74-00CA3351B43A}.Release|Any CPU.Build.0 = Release|Any CPU
		{C945D0B4-E1DB-405E-A411-203A4E23C78A}.Debug|Any CPU.ActiveCfg = Debug|Any CPU
		{C945D0B4-E1DB-405E-A411-203A4E23C78A}.Debug|Any CPU.Build.0 = Debug|Any CPU
		{C945D0B4-E1DB-405E-A411-203A4E23C78A}.Release|Any CPU.ActiveCfg = Release|Any CPU
		{C945D0B4-E1DB-405E-A411-203A4E23C78A}.Release|Any CPU.Build.0 = Release|Any CPU
		{6C0D9CE6-6CC2-42C9-A6F2-2CF5620D0DE4}.Debug|Any CPU.ActiveCfg = Debug|Any CPU
		{6C0D9CE6-6CC2-42C9-A6F2-2CF5620D0DE4}.Debug|Any CPU.Build.0 = Debug|Any CPU
		{6C0D9CE6-6CC2-42C9-A6F2-2CF5620D0DE4}.Release|Any CPU.ActiveCfg = Release|Any CPU
		{6C0D9CE6-6CC2-42C9-A6F2-2CF5620D0DE4}.Release|Any CPU.Build.0 = Release|Any CPU
		{E779D757-4539-41ED-AA0B-41C04A3DFA83}.Debug|Any CPU.ActiveCfg = Debug|Any CPU
		{E779D757-4539-41ED-AA0B-41C04A3DFA83}.Debug|Any CPU.Build.0 = Debug|Any CPU
		{E779D757-4539-41ED-AA0B-41C04A3DFA83}.Release|Any CPU.ActiveCfg = Release|Any CPU
		{E779D757-4539-41ED-AA0B-41C04A3DFA83}.Release|Any CPU.Build.0 = Release|Any CPU
		{9E24E359-AF16-4689-BA46-5BE558BC9178}.Debug|Any CPU.ActiveCfg = Debug|Any CPU
		{9E24E359-AF16-4689-BA46-5BE558BC9178}.Debug|Any CPU.Build.0 = Debug|Any CPU
		{9E24E359-AF16-4689-BA46-5BE558BC9178}.Release|Any CPU.ActiveCfg = Release|Any CPU
		{9E24E359-AF16-4689-BA46-5BE558BC9178}.Release|Any CPU.Build.0 = Release|Any CPU
		{437205F8-8B9A-47AD-848C-8F3AFCF25847}.Debug|Any CPU.ActiveCfg = Debug|Any CPU
		{437205F8-8B9A-47AD-848C-8F3AFCF25847}.Debug|Any CPU.Build.0 = Debug|Any CPU
		{437205F8-8B9A-47AD-848C-8F3AFCF25847}.Release|Any CPU.ActiveCfg = Release|Any CPU
		{437205F8-8B9A-47AD-848C-8F3AFCF25847}.Release|Any CPU.Build.0 = Release|Any CPU
		{E7140801-DEFB-42CA-9E55-759751E6267A}.Debug|Any CPU.ActiveCfg = Debug|Any CPU
		{E7140801-DEFB-42CA-9E55-759751E6267A}.Debug|Any CPU.Build.0 = Debug|Any CPU
		{E7140801-DEFB-42CA-9E55-759751E6267A}.Release|Any CPU.ActiveCfg = Release|Any CPU
		{E7140801-DEFB-42CA-9E55-759751E6267A}.Release|Any CPU.Build.0 = Release|Any CPU
		{2871BF73-6FCA-483E-BE31-4879B900F644}.Debug|Any CPU.ActiveCfg = Debug|Any CPU
		{2871BF73-6FCA-483E-BE31-4879B900F644}.Debug|Any CPU.Build.0 = Debug|Any CPU
		{2871BF73-6FCA-483E-BE31-4879B900F644}.Release|Any CPU.ActiveCfg = Release|Any CPU
		{2871BF73-6FCA-483E-BE31-4879B900F644}.Release|Any CPU.Build.0 = Release|Any CPU
		{50E589BB-CAF7-496F-AFF8-D27F4DE9CAD7}.Debug|Any CPU.ActiveCfg = Debug|Any CPU
		{50E589BB-CAF7-496F-AFF8-D27F4DE9CAD7}.Debug|Any CPU.Build.0 = Debug|Any CPU
		{50E589BB-CAF7-496F-AFF8-D27F4DE9CAD7}.Release|Any CPU.ActiveCfg = Release|Any CPU
		{50E589BB-CAF7-496F-AFF8-D27F4DE9CAD7}.Release|Any CPU.Build.0 = Release|Any CPU
		{36B4DFFC-38B8-473D-A2B0-8F24F3E5FB47}.Debug|Any CPU.ActiveCfg = Debug|Any CPU
		{36B4DFFC-38B8-473D-A2B0-8F24F3E5FB47}.Debug|Any CPU.Build.0 = Debug|Any CPU
		{36B4DFFC-38B8-473D-A2B0-8F24F3E5FB47}.Release|Any CPU.ActiveCfg = Release|Any CPU
		{36B4DFFC-38B8-473D-A2B0-8F24F3E5FB47}.Release|Any CPU.Build.0 = Release|Any CPU
		{38422F08-C88D-40BA-BB27-051FE4C5E496}.Debug|Any CPU.ActiveCfg = Debug|Any CPU
		{38422F08-C88D-40BA-BB27-051FE4C5E496}.Debug|Any CPU.Build.0 = Debug|Any CPU
		{38422F08-C88D-40BA-BB27-051FE4C5E496}.Release|Any CPU.ActiveCfg = Release|Any CPU
		{38422F08-C88D-40BA-BB27-051FE4C5E496}.Release|Any CPU.Build.0 = Release|Any CPU
		{EAA7DCC0-BF42-4C2B-BCF6-53D46E5A4EF3}.Debug|Any CPU.ActiveCfg = Debug|Any CPU
		{EAA7DCC0-BF42-4C2B-BCF6-53D46E5A4EF3}.Debug|Any CPU.Build.0 = Debug|Any CPU
		{EAA7DCC0-BF42-4C2B-BCF6-53D46E5A4EF3}.Release|Any CPU.ActiveCfg = Release|Any CPU
		{EAA7DCC0-BF42-4C2B-BCF6-53D46E5A4EF3}.Release|Any CPU.Build.0 = Release|Any CPU
		{41E0032B-7571-4106-A728-B4303B55ED55}.Debug|Any CPU.ActiveCfg = Debug|Any CPU
		{41E0032B-7571-4106-A728-B4303B55ED55}.Debug|Any CPU.Build.0 = Debug|Any CPU
		{41E0032B-7571-4106-A728-B4303B55ED55}.Release|Any CPU.ActiveCfg = Release|Any CPU
		{41E0032B-7571-4106-A728-B4303B55ED55}.Release|Any CPU.Build.0 = Release|Any CPU
		{59FA0B77-2F0A-46D1-BB72-C3E61BDC61BA}.Debug|Any CPU.ActiveCfg = Debug|Any CPU
		{59FA0B77-2F0A-46D1-BB72-C3E61BDC61BA}.Debug|Any CPU.Build.0 = Debug|Any CPU
		{59FA0B77-2F0A-46D1-BB72-C3E61BDC61BA}.Release|Any CPU.ActiveCfg = Release|Any CPU
		{59FA0B77-2F0A-46D1-BB72-C3E61BDC61BA}.Release|Any CPU.Build.0 = Release|Any CPU
		{83801B80-CCEE-488D-983B-C1E4940C2ABD}.Debug|Any CPU.ActiveCfg = Debug|Any CPU
		{83801B80-CCEE-488D-983B-C1E4940C2ABD}.Debug|Any CPU.Build.0 = Debug|Any CPU
		{83801B80-CCEE-488D-983B-C1E4940C2ABD}.Release|Any CPU.ActiveCfg = Release|Any CPU
		{83801B80-CCEE-488D-983B-C1E4940C2ABD}.Release|Any CPU.Build.0 = Release|Any CPU
		{39A80E95-0E70-4AB0-9D73-9B4BBBA95426}.Debug|Any CPU.ActiveCfg = Debug|Any CPU
		{39A80E95-0E70-4AB0-9D73-9B4BBBA95426}.Debug|Any CPU.Build.0 = Debug|Any CPU
		{39A80E95-0E70-4AB0-9D73-9B4BBBA95426}.Release|Any CPU.ActiveCfg = Release|Any CPU
		{39A80E95-0E70-4AB0-9D73-9B4BBBA95426}.Release|Any CPU.Build.0 = Release|Any CPU
		{D6DA1944-9E64-4073-8661-041BA5FF7BC6}.Debug|Any CPU.ActiveCfg = Debug|Any CPU
		{D6DA1944-9E64-4073-8661-041BA5FF7BC6}.Debug|Any CPU.Build.0 = Debug|Any CPU
		{D6DA1944-9E64-4073-8661-041BA5FF7BC6}.Release|Any CPU.ActiveCfg = Release|Any CPU
		{D6DA1944-9E64-4073-8661-041BA5FF7BC6}.Release|Any CPU.Build.0 = Release|Any CPU
		{42FF2EB5-07F6-43C7-93A4-D96ACA12A9BB}.Debug|Any CPU.ActiveCfg = Debug|Any CPU
		{42FF2EB5-07F6-43C7-93A4-D96ACA12A9BB}.Debug|Any CPU.Build.0 = Debug|Any CPU
		{42FF2EB5-07F6-43C7-93A4-D96ACA12A9BB}.Release|Any CPU.ActiveCfg = Release|Any CPU
		{42FF2EB5-07F6-43C7-93A4-D96ACA12A9BB}.Release|Any CPU.Build.0 = Release|Any CPU
		{6A267084-BD53-4712-AF17-F24EBF885E8A}.Debug|Any CPU.ActiveCfg = Debug|Any CPU
		{6A267084-BD53-4712-AF17-F24EBF885E8A}.Debug|Any CPU.Build.0 = Debug|Any CPU
		{6A267084-BD53-4712-AF17-F24EBF885E8A}.Release|Any CPU.ActiveCfg = Release|Any CPU
		{6A267084-BD53-4712-AF17-F24EBF885E8A}.Release|Any CPU.Build.0 = Release|Any CPU
		{0549F19F-21DC-43E0-B65E-68286E8B632B}.Debug|Any CPU.ActiveCfg = Debug|Any CPU
		{0549F19F-21DC-43E0-B65E-68286E8B632B}.Debug|Any CPU.Build.0 = Debug|Any CPU
		{0549F19F-21DC-43E0-B65E-68286E8B632B}.Release|Any CPU.ActiveCfg = Release|Any CPU
		{0549F19F-21DC-43E0-B65E-68286E8B632B}.Release|Any CPU.Build.0 = Release|Any CPU
		{9C8F2EE5-6200-41B8-97C9-3AC4DAB9C84F}.Debug|Any CPU.ActiveCfg = Debug|Any CPU
		{9C8F2EE5-6200-41B8-97C9-3AC4DAB9C84F}.Debug|Any CPU.Build.0 = Debug|Any CPU
		{9C8F2EE5-6200-41B8-97C9-3AC4DAB9C84F}.Release|Any CPU.ActiveCfg = Release|Any CPU
		{9C8F2EE5-6200-41B8-97C9-3AC4DAB9C84F}.Release|Any CPU.Build.0 = Release|Any CPU
		{11C68EFB-E96F-4F6A-9A1E-9FB3045F2595}.Debug|Any CPU.ActiveCfg = Debug|Any CPU
		{11C68EFB-E96F-4F6A-9A1E-9FB3045F2595}.Debug|Any CPU.Build.0 = Debug|Any CPU
		{11C68EFB-E96F-4F6A-9A1E-9FB3045F2595}.Release|Any CPU.ActiveCfg = Release|Any CPU
		{11C68EFB-E96F-4F6A-9A1E-9FB3045F2595}.Release|Any CPU.Build.0 = Release|Any CPU
		{A2E25DE0-ADE0-4337-8362-695E9BB40D85}.Debug|Any CPU.ActiveCfg = Debug|Any CPU
		{A2E25DE0-ADE0-4337-8362-695E9BB40D85}.Debug|Any CPU.Build.0 = Debug|Any CPU
		{A2E25DE0-ADE0-4337-8362-695E9BB40D85}.Release|Any CPU.ActiveCfg = Release|Any CPU
		{A2E25DE0-ADE0-4337-8362-695E9BB40D85}.Release|Any CPU.Build.0 = Release|Any CPU
		{31D83E9A-6161-4D75-9D7C-95F2E4BEC476}.Debug|Any CPU.ActiveCfg = Debug|Any CPU
		{31D83E9A-6161-4D75-9D7C-95F2E4BEC476}.Debug|Any CPU.Build.0 = Debug|Any CPU
		{31D83E9A-6161-4D75-9D7C-95F2E4BEC476}.Release|Any CPU.ActiveCfg = Release|Any CPU
		{31D83E9A-6161-4D75-9D7C-95F2E4BEC476}.Release|Any CPU.Build.0 = Release|Any CPU
		{A5D69E8F-C8AC-4812-9F6C-D815426B32B1}.Debug|Any CPU.ActiveCfg = Debug|Any CPU
		{A5D69E8F-C8AC-4812-9F6C-D815426B32B1}.Debug|Any CPU.Build.0 = Debug|Any CPU
		{A5D69E8F-C8AC-4812-9F6C-D815426B32B1}.Release|Any CPU.ActiveCfg = Release|Any CPU
		{A5D69E8F-C8AC-4812-9F6C-D815426B32B1}.Release|Any CPU.Build.0 = Release|Any CPU
		{646217D0-E06B-4548-9BED-F3A6DD8C953B}.Debug|Any CPU.ActiveCfg = Debug|Any CPU
		{646217D0-E06B-4548-9BED-F3A6DD8C953B}.Debug|Any CPU.Build.0 = Debug|Any CPU
		{646217D0-E06B-4548-9BED-F3A6DD8C953B}.Release|Any CPU.ActiveCfg = Release|Any CPU
		{646217D0-E06B-4548-9BED-F3A6DD8C953B}.Release|Any CPU.Build.0 = Release|Any CPU
		{7E7F580D-C28B-4E05-9B4F-B910E8BF493D}.Debug|Any CPU.ActiveCfg = Debug|Any CPU
		{7E7F580D-C28B-4E05-9B4F-B910E8BF493D}.Debug|Any CPU.Build.0 = Debug|Any CPU
		{7E7F580D-C28B-4E05-9B4F-B910E8BF493D}.Release|Any CPU.ActiveCfg = Release|Any CPU
		{7E7F580D-C28B-4E05-9B4F-B910E8BF493D}.Release|Any CPU.Build.0 = Release|Any CPU
		{24AD0B7D-7053-4004-BA89-2F3494DFB5A3}.Debug|Any CPU.ActiveCfg = Debug|Any CPU
		{24AD0B7D-7053-4004-BA89-2F3494DFB5A3}.Debug|Any CPU.Build.0 = Debug|Any CPU
		{24AD0B7D-7053-4004-BA89-2F3494DFB5A3}.Release|Any CPU.ActiveCfg = Release|Any CPU
		{24AD0B7D-7053-4004-BA89-2F3494DFB5A3}.Release|Any CPU.Build.0 = Release|Any CPU
		{AABE5749-7609-4440-BCA9-AE34D7E88C87}.Debug|Any CPU.ActiveCfg = Debug|Any CPU
		{AABE5749-7609-4440-BCA9-AE34D7E88C87}.Debug|Any CPU.Build.0 = Debug|Any CPU
		{AABE5749-7609-4440-BCA9-AE34D7E88C87}.Release|Any CPU.ActiveCfg = Release|Any CPU
		{AABE5749-7609-4440-BCA9-AE34D7E88C87}.Release|Any CPU.Build.0 = Release|Any CPU
	EndGlobalSection
	GlobalSection(SolutionProperties) = preSolution
		HideSolutionNode = FALSE
	EndGlobalSection
	GlobalSection(ExtensibilityGlobals) = postSolution
		SolutionGuid = {F3FFE09D-B6E9-43A4-B82D-515585D7393D}
	EndGlobalSection
EndGlobal
