
Microsoft Visual Studio Solution File, Format Version 12.00
# Visual Studio Version 17
VisualStudioVersion = 17.2.32630.192
MinimumVisualStudioVersion = 10.0.40219.1
Project("{9A19103F-16F7-4668-BE54-9A1E7A4F7556}") = "R5T.Z0046", "R5T.Z0046\R5T.Z0046.csproj", "{DD20C05B-C50D-44AB-854C-ECB80DFA2748}"
EndProject
Project("{2150E333-8FDC-42A3-9474-1A3956D46DE8}") = "_Dependencies", "_Dependencies", "{EA26B90B-21FD-4DF3-954C-19E9C0FDC429}"
EndProject
Project("{9A19103F-16F7-4668-BE54-9A1E7A4F7556}") = "R5T.T0132", "..\..\R5T.T0132\source\R5T.T0132\R5T.T0132.csproj", "{4660ADDE-B878-4C50-986C-E7B91D406648}"
EndProject
Project("{9A19103F-16F7-4668-BE54-9A1E7A4F7556}") = "R5T.T0142", "..\..\R5T.T0142\source\R5T.T0142\R5T.T0142.csproj", "{0B8F7DF9-B31F-43E0-B1A2-F263858AAE54}"
EndProject
Project("{9A19103F-16F7-4668-BE54-9A1E7A4F7556}") = "R5T.T0143", "..\..\R5T.T0143\source\R5T.T0143\R5T.T0143.csproj", "{DE20DE8C-51BC-4786-89AE-581DE9B818A6}"
EndProject
Project("{9A19103F-16F7-4668-BE54-9A1E7A4F7556}") = "R5T.T0150", "..\..\R5T.T0150\source\R5T.T0150\R5T.T0150.csproj", "{888D2BF5-3DF6-46D6-927D-454142AC0303}"
EndProject
Project("{9A19103F-16F7-4668-BE54-9A1E7A4F7556}") = "R5T.T0151", "..\..\R5T.T0151\source\R5T.T0151\R5T.T0151.csproj", "{E2428367-AED7-4A17-AF01-F637CA10EFD1}"
EndProject
Project("{9A19103F-16F7-4668-BE54-9A1E7A4F7556}") = "R5T.T0172", "..\..\R5T.T0172\source\R5T.T0172\R5T.T0172.csproj", "{411A5915-ABBD-4DFE-8726-4770100C5AB0}"
EndProject
Project("{9A19103F-16F7-4668-BE54-9A1E7A4F7556}") = "R5T.T0178", "..\..\R5T.T0178\source\R5T.T0178\R5T.T0178.csproj", "{A96D4A3D-BB99-45C7-9B25-946EFF04A40A}"
EndProject
Project("{9A19103F-16F7-4668-BE54-9A1E7A4F7556}") = "R5T.T0179", "..\..\R5T.T0179\source\R5T.T0179\R5T.T0179.csproj", "{0533983C-BE95-49A7-BB74-00CA3351B43A}"
EndProject
Project("{9A19103F-16F7-4668-BE54-9A1E7A4F7556}") = "R5T.T0180", "..\..\R5T.T0180\source\R5T.T0180\R5T.T0180.csproj", "{C945D0B4-E1DB-405E-A411-203A4E23C78A}"
EndProject
Project("{9A19103F-16F7-4668-BE54-9A1E7A4F7556}") = "R5T.T0181", "..\..\R5T.T0181\source\R5T.T0181\R5T.T0181.csproj", "{6C0D9CE6-6CC2-42C9-A6F2-2CF5620D0DE4}"
EndProject
Project("{9A19103F-16F7-4668-BE54-9A1E7A4F7556}") = "R5T.T0131", "..\..\R5T.T0131\source\R5T.T0131\R5T.T0131.csproj", "{E779D757-4539-41ED-AA0B-41C04A3DFA83}"
EndProject
Project("{9A19103F-16F7-4668-BE54-9A1E7A4F7556}") = "R5T.T0161", "..\..\R5T.T0161\source\R5T.T0161\R5T.T0161.csproj", "{9E24E359-AF16-4689-BA46-5BE558BC9178}"
EndProject
Project("{9A19103F-16F7-4668-BE54-9A1E7A4F7556}") = "R5T.T0185", "..\..\R5T.T0185\source\R5T.T0185\R5T.T0185.csproj", "{437205F8-8B9A-47AD-848C-8F3AFCF25847}"
EndProject
Project("{9A19103F-16F7-4668-BE54-9A1E7A4F7556}") = "R5T.T0187", "..\..\R5T.T0187\source\R5T.T0187\R5T.T0187.csproj", "{E7140801-DEFB-42CA-9E55-759751E6267A}"
EndProject
Global
	GlobalSection(NestedProjects) = preSolution
		{4660ADDE-B878-4C50-986C-E7B91D406648} = {EA26B90B-21FD-4DF3-954C-19E9C0FDC429}
		{0B8F7DF9-B31F-43E0-B1A2-F263858AAE54} = {EA26B90B-21FD-4DF3-954C-19E9C0FDC429}
		{DE20DE8C-51BC-4786-89AE-581DE9B818A6} = {EA26B90B-21FD-4DF3-954C-19E9C0FDC429}
		{888D2BF5-3DF6-46D6-927D-454142AC0303} = {EA26B90B-21FD-4DF3-954C-19E9C0FDC429}
		{E2428367-AED7-4A17-AF01-F637CA10EFD1} = {EA26B90B-21FD-4DF3-954C-19E9C0FDC429}
		{411A5915-ABBD-4DFE-8726-4770100C5AB0} = {EA26B90B-21FD-4DF3-954C-19E9C0FDC429}
		{A96D4A3D-BB99-45C7-9B25-946EFF04A40A} = {EA26B90B-21FD-4DF3-954C-19E9C0FDC429}
		{0533983C-BE95-49A7-BB74-00CA3351B43A} = {EA26B90B-21FD-4DF3-954C-19E9C0FDC429}
		{C945D0B4-E1DB-405E-A411-203A4E23C78A} = {EA26B90B-21FD-4DF3-954C-19E9C0FDC429}
		{6C0D9CE6-6CC2-42C9-A6F2-2CF5620D0DE4} = {EA26B90B-21FD-4DF3-954C-19E9C0FDC429}
		{E779D757-4539-41ED-AA0B-41C04A3DFA83} = {EA26B90B-21FD-4DF3-954C-19E9C0FDC429}
		{9E24E359-AF16-4689-BA46-5BE558BC9178} = {EA26B90B-21FD-4DF3-954C-19E9C0FDC429}
		{437205F8-8B9A-47AD-848C-8F3AFCF25847} = {EA26B90B-21FD-4DF3-954C-19E9C0FDC429}
		{E7140801-DEFB-42CA-9E55-759751E6267A} = {EA26B90B-21FD-4DF3-954C-19E9C0FDC429}
	EndGlobalSection
	GlobalSection(SolutionConfigurationPlatforms) = preSolution
		Debug|Any CPU = Debug|Any CPU
		Release|Any CPU = Release|Any CPU
	EndGlobalSection
	GlobalSection(ProjectConfigurationPlatforms) = postSolution
		{DD20C05B-C50D-44AB-854C-ECB80DFA2748}.Debug|Any CPU.ActiveCfg = Debug|Any CPU
		{DD20C05B-C50D-44AB-854C-ECB80DFA2748}.Debug|Any CPU.Build.0 = Debug|Any CPU
		{DD20C05B-C50D-44AB-854C-ECB80DFA2748}.Release|Any CPU.ActiveCfg = Release|Any CPU
		{DD20C05B-C50D-44AB-854C-ECB80DFA2748}.Release|Any CPU.Build.0 = Release|Any CPU
		{4660ADDE-B878-4C50-986C-E7B91D406648}.Debug|Any CPU.ActiveCfg = Debug|Any CPU
		{4660ADDE-B878-4C50-986C-E7B91D406648}.Debug|Any CPU.Build.0 = Debug|Any CPU
		{4660ADDE-B878-4C50-986C-E7B91D406648}.Release|Any CPU.ActiveCfg = Release|Any CPU
		{4660ADDE-B878-4C50-986C-E7B91D406648}.Release|Any CPU.Build.0 = Release|Any CPU
		{0B8F7DF9-B31F-43E0-B1A2-F263858AAE54}.Debug|Any CPU.ActiveCfg = Debug|Any CPU
		{0B8F7DF9-B31F-43E0-B1A2-F263858AAE54}.Debug|Any CPU.Build.0 = Debug|Any CPU
		{0B8F7DF9-B31F-43E0-B1A2-F263858AAE54}.Release|Any CPU.ActiveCfg = Release|Any CPU
		{0B8F7DF9-B31F-43E0-B1A2-F263858AAE54}.Release|Any CPU.Build.0 = Release|Any CPU
		{DE20DE8C-51BC-4786-89AE-581DE9B818A6}.Debug|Any CPU.ActiveCfg = Debug|Any CPU
		{DE20DE8C-51BC-4786-89AE-581DE9B818A6}.Debug|Any CPU.Build.0 = Debug|Any CPU
		{DE20DE8C-51BC-4786-89AE-581DE9B818A6}.Release|Any CPU.ActiveCfg = Release|Any CPU
		{DE20DE8C-51BC-4786-89AE-581DE9B818A6}.Release|Any CPU.Build.0 = Release|Any CPU
		{888D2BF5-3DF6-46D6-927D-454142AC0303}.Debug|Any CPU.ActiveCfg = Debug|Any CPU
		{888D2BF5-3DF6-46D6-927D-454142AC0303}.Debug|Any CPU.Build.0 = Debug|Any CPU
		{888D2BF5-3DF6-46D6-927D-454142AC0303}.Release|Any CPU.ActiveCfg = Release|Any CPU
		{888D2BF5-3DF6-46D6-927D-454142AC0303}.Release|Any CPU.Build.0 = Release|Any CPU
		{E2428367-AED7-4A17-AF01-F637CA10EFD1}.Debug|Any CPU.ActiveCfg = Debug|Any CPU
		{E2428367-AED7-4A17-AF01-F637CA10EFD1}.Debug|Any CPU.Build.0 = Debug|Any CPU
		{E2428367-AED7-4A17-AF01-F637CA10EFD1}.Release|Any CPU.ActiveCfg = Release|Any CPU
		{E2428367-AED7-4A17-AF01-F637CA10EFD1}.Release|Any CPU.Build.0 = Release|Any CPU
		{411A5915-ABBD-4DFE-8726-4770100C5AB0}.Debug|Any CPU.ActiveCfg = Debug|Any CPU
		{411A5915-ABBD-4DFE-8726-4770100C5AB0}.Debug|Any CPU.Build.0 = Debug|Any CPU
		{411A5915-ABBD-4DFE-8726-4770100C5AB0}.Release|Any CPU.ActiveCfg = Release|Any CPU
		{411A5915-ABBD-4DFE-8726-4770100C5AB0}.Release|Any CPU.Build.0 = Release|Any CPU
		{A96D4A3D-BB99-45C7-9B25-946EFF04A40A}.Debug|Any CPU.ActiveCfg = Debug|Any CPU
		{A96D4A3D-BB99-45C7-9B25-946EFF04A40A}.Debug|Any CPU.Build.0 = Debug|Any CPU
		{A96D4A3D-BB99-45C7-9B25-946EFF04A40A}.Release|Any CPU.ActiveCfg = Release|Any CPU
		{A96D4A3D-BB99-45C7-9B25-946EFF04A40A}.Release|Any CPU.Build.0 = Release|Any CPU
		{0533983C-BE95-49A7-BB74-00CA3351B43A}.Debug|Any CPU.ActiveCfg = Debug|Any CPU
		{0533983C-BE95-49A7-BB74-00CA3351B43A}.Debug|Any CPU.Build.0 = Debug|Any CPU
		{0533983C-BE95-49A7-BB74-00CA3351B43A}.Release|Any CPU.ActiveCfg = Release|Any CPU
		{0533983C-BE95-49A7-BB74-00CA3351B43A}.Release|Any CPU.Build.0 = Release|Any CPU
		{C945D0B4-E1DB-405E-A411-203A4E23C78A}.Debug|Any CPU.ActiveCfg = Debug|Any CPU
		{C945D0B4-E1DB-405E-A411-203A4E23C78A}.Debug|Any CPU.Build.0 = Debug|Any CPU
		{C945D0B4-E1DB-405E-A411-203A4E23C78A}.Release|Any CPU.ActiveCfg = Release|Any CPU
		{C945D0B4-E1DB-405E-A411-203A4E23C78A}.Release|Any CPU.Build.0 = Release|Any CPU
		{6C0D9CE6-6CC2-42C9-A6F2-2CF5620D0DE4}.Debug|Any CPU.ActiveCfg = Debug|Any CPU
		{6C0D9CE6-6CC2-42C9-A6F2-2CF5620D0DE4}.Debug|Any CPU.Build.0 = Debug|Any CPU
		{6C0D9CE6-6CC2-42C9-A6F2-2CF5620D0DE4}.Release|Any CPU.ActiveCfg = Release|Any CPU
		{6C0D9CE6-6CC2-42C9-A6F2-2CF5620D0DE4}.Release|Any CPU.Build.0 = Release|Any CPU
		{E779D757-4539-41ED-AA0B-41C04A3DFA83}.Debug|Any CPU.ActiveCfg = Debug|Any CPU
		{E779D757-4539-41ED-AA0B-41C04A3DFA83}.Debug|Any CPU.Build.0 = Debug|Any CPU
		{E779D757-4539-41ED-AA0B-41C04A3DFA83}.Release|Any CPU.ActiveCfg = Release|Any CPU
		{E779D757-4539-41ED-AA0B-41C04A3DFA83}.Release|Any CPU.Build.0 = Release|Any CPU
		{9E24E359-AF16-4689-BA46-5BE558BC9178}.Debug|Any CPU.ActiveCfg = Debug|Any CPU
		{9E24E359-AF16-4689-BA46-5BE558BC9178}.Debug|Any CPU.Build.0 = Debug|Any CPU
		{9E24E359-AF16-4689-BA46-5BE558BC9178}.Release|Any CPU.ActiveCfg = Release|Any CPU
		{9E24E359-AF16-4689-BA46-5BE558BC9178}.Release|Any CPU.Build.0 = Release|Any CPU
		{437205F8-8B9A-47AD-848C-8F3AFCF25847}.Debug|Any CPU.ActiveCfg = Debug|Any CPU
		{437205F8-8B9A-47AD-848C-8F3AFCF25847}.Debug|Any CPU.Build.0 = Debug|Any CPU
		{437205F8-8B9A-47AD-848C-8F3AFCF25847}.Release|Any CPU.ActiveCfg = Release|Any CPU
		{437205F8-8B9A-47AD-848C-8F3AFCF25847}.Release|Any CPU.Build.0 = Release|Any CPU
		{E7140801-DEFB-42CA-9E55-759751E6267A}.Debug|Any CPU.ActiveCfg = Debug|Any CPU
		{E7140801-DEFB-42CA-9E55-759751E6267A}.Debug|Any CPU.Build.0 = Debug|Any CPU
		{E7140801-DEFB-42CA-9E55-759751E6267A}.Release|Any CPU.ActiveCfg = Release|Any CPU
		{E7140801-DEFB-42CA-9E55-759751E6267A}.Release|Any CPU.Build.0 = Release|Any CPU
	EndGlobalSection
	GlobalSection(SolutionProperties) = preSolution
		HideSolutionNode = FALSE
	EndGlobalSection
	GlobalSection(ExtensibilityGlobals) = postSolution
		SolutionGuid = {F3FFE09D-B6E9-43A4-B82D-515585D7393D}
	EndGlobalSection
EndGlobal
