
Microsoft Visual Studio Solution File, Format Version 12.00
# Visual Studio Version 17
VisualStudioVersion = 17.2.32630.192
MinimumVisualStudioVersion = 10.0.40219.1
Project("{9A19103F-16F7-4668-BE54-9A1E7A4F7556}") = "R5T.Z0046.Construction", "R5T.Z0046.Construction\R5T.Z0046.Construction.csproj", "{E1A5BAC8-3319-4490-AB79-95A710AD3580}"
EndProject
Project("{9A19103F-16F7-4668-BE54-9A1E7A4F7556}") = "R5T.Z0046", "R5T.Z0046\R5T.Z0046.csproj", "{3B30676E-D78D-4117-8D6C-DA5AB9A2199A}"
EndProject
Project("{2150E333-8FDC-42A3-9474-1A3956D46DE8}") = "_Dependencies", "_Dependencies", "{9480FD31-BE53-4EC6-93E4-A1D4AFD52256}"
EndProject
Project("{9A19103F-16F7-4668-BE54-9A1E7A4F7556}") = "R5T.T0132", "..\..\R5T.T0132\source\R5T.T0132\R5T.T0132.csproj", "{CC274829-D021-4369-BE61-0AE9DD40C620}"
EndProject
Project("{9A19103F-16F7-4668-BE54-9A1E7A4F7556}") = "R5T.T0142", "..\..\R5T.T0142\source\R5T.T0142\R5T.T0142.csproj", "{49FCBDC8-E54C-4C52-BB97-84534E3C2DC1}"
EndProject
Project("{9A19103F-16F7-4668-BE54-9A1E7A4F7556}") = "R5T.T0143", "..\..\R5T.T0143\source\R5T.T0143\R5T.T0143.csproj", "{8868E7AF-D902-4D35-A4CE-45D4125379D9}"
EndProject
Project("{9A19103F-16F7-4668-BE54-9A1E7A4F7556}") = "R5T.T0150", "..\..\R5T.T0150\source\R5T.T0150\R5T.T0150.csproj", "{35A7DC2B-40B0-4297-8063-E56B422A2A6C}"
EndProject
Project("{9A19103F-16F7-4668-BE54-9A1E7A4F7556}") = "R5T.T0151", "..\..\R5T.T0151\source\R5T.T0151\R5T.T0151.csproj", "{0295AA4D-2B49-4A2F-A521-A8279378FAD4}"
EndProject
Project("{9A19103F-16F7-4668-BE54-9A1E7A4F7556}") = "R5T.T0172", "..\..\R5T.T0172\source\R5T.T0172\R5T.T0172.csproj", "{A8028D28-6117-41D2-BD18-AE1FB72CC378}"
EndProject
Project("{9A19103F-16F7-4668-BE54-9A1E7A4F7556}") = "R5T.T0178", "..\..\R5T.T0178\source\R5T.T0178\R5T.T0178.csproj", "{18121DA1-96D1-4F19-A91C-BEB826A420B3}"
EndProject
Project("{9A19103F-16F7-4668-BE54-9A1E7A4F7556}") = "R5T.T0179", "..\..\R5T.T0179\source\R5T.T0179\R5T.T0179.csproj", "{ECA364DA-F9B0-4447-B3C7-66FD36B5535D}"
EndProject
Project("{9A19103F-16F7-4668-BE54-9A1E7A4F7556}") = "R5T.T0180", "..\..\R5T.T0180\source\R5T.T0180\R5T.T0180.csproj", "{BF66436C-7A5D-47FC-A299-75D95E766247}"
EndProject
Project("{9A19103F-16F7-4668-BE54-9A1E7A4F7556}") = "R5T.T0181", "..\..\R5T.T0181\source\R5T.T0181\R5T.T0181.csproj", "{3E0B6AC0-420D-412C-BC23-985AB94AF91D}"
EndProject
Project("{9A19103F-16F7-4668-BE54-9A1E7A4F7556}") = "R5T.T0131", "..\..\R5T.T0131\source\R5T.T0131\R5T.T0131.csproj", "{A0B06D54-00BA-4750-A1CA-BA5AC2A0DEE5}"
EndProject
Project("{9A19103F-16F7-4668-BE54-9A1E7A4F7556}") = "R5T.T0161", "..\..\R5T.T0161\source\R5T.T0161\R5T.T0161.csproj", "{C4D78AF7-2EE5-47E3-A4E3-BD2A6A9E9C86}"
EndProject
Project("{9A19103F-16F7-4668-BE54-9A1E7A4F7556}") = "R5T.T0185", "..\..\R5T.T0185\source\R5T.T0185\R5T.T0185.csproj", "{D0E28C7F-0997-4341-A6E4-46CEC0E07A64}"
EndProject
Project("{9A19103F-16F7-4668-BE54-9A1E7A4F7556}") = "R5T.T0187", "..\..\R5T.T0187\source\R5T.T0187\R5T.T0187.csproj", "{A6E465CB-C762-48B1-87F5-0AF6848F80F3}"
EndProject
Project("{9A19103F-16F7-4668-BE54-9A1E7A4F7556}") = "R5T.F0000", "..\..\R5T.F0000\source\R5T.F0000\R5T.F0000.csproj", "{D152F869-B4B2-4DCE-8BF0-19EEA0A91845}"
EndProject
Project("{9A19103F-16F7-4668-BE54-9A1E7A4F7556}") = "R5T.F0002", "..\..\R5T.F0002\source\R5T.F0002\R5T.F0002.csproj", "{5BE78BD6-B2EA-4EF4-97D0-3AFA2A7B7716}"
EndProject
Project("{9A19103F-16F7-4668-BE54-9A1E7A4F7556}") = "R5T.F0120", "..\..\R5T.F0120\source\R5T.F0120\R5T.F0120.csproj", "{862DD3A6-0B3F-4ECA-BEB6-99194D76BA83}"
EndProject
Project("{9A19103F-16F7-4668-BE54-9A1E7A4F7556}") = "R5T.F0124", "..\..\R5T.F0124\source\R5T.F0124\R5T.F0124.csproj", "{3DD9B102-6283-414A-8D38-0034E03217F1}"
EndProject
Project("{9A19103F-16F7-4668-BE54-9A1E7A4F7556}") = "R5T.L0030.T000", "..\..\R5T.L0030\source\R5T.L0030.T000\R5T.L0030.T000.csproj", "{F59F5927-15E4-4DE2-9753-20A6F4714203}"
EndProject
Project("{9A19103F-16F7-4668-BE54-9A1E7A4F7556}") = "R5T.L0030", "..\..\R5T.L0030\source\R5T.L0030\R5T.L0030.csproj", "{D3B2145F-2722-4DD7-9BA0-010C4237C0B5}"
EndProject
Project("{9A19103F-16F7-4668-BE54-9A1E7A4F7556}") = "R5T.L0032.T000", "..\..\R5T.L0032\source\R5T.L0032.T000\R5T.L0032.T000.csproj", "{91086B98-F954-42E2-A83B-C24E8B6DA9F0}"
EndProject
Project("{9A19103F-16F7-4668-BE54-9A1E7A4F7556}") = "R5T.L0034", "..\..\R5T.L0034\source\R5T.L0034\R5T.L0034.csproj", "{D2829B2E-2A81-4DD2-A864-6443B31CAFBC}"
EndProject
Project("{9A19103F-16F7-4668-BE54-9A1E7A4F7556}") = "R5T.NG0022", "..\..\R5T.NG0022\source\R5T.NG0022\R5T.NG0022.csproj", "{DC29C44B-736F-46B1-90C5-39E61E1A84E4}"
EndProject
Project("{9A19103F-16F7-4668-BE54-9A1E7A4F7556}") = "R5T.T0156", "..\..\R5T.T0156\source\R5T.T0156\R5T.T0156.csproj", "{AF97F42D-35D1-4C29-AE59-4211A652D64B}"
EndProject
Project("{9A19103F-16F7-4668-BE54-9A1E7A4F7556}") = "R5T.T0174", "..\..\R5T.T0174\source\R5T.T0174\R5T.T0174.csproj", "{89F73EB8-01D1-4482-98F5-51DF30E01EFA}"
EndProject
Project("{9A19103F-16F7-4668-BE54-9A1E7A4F7556}") = "R5T.T0176", "..\..\R5T.T0176\source\R5T.T0176\R5T.T0176.csproj", "{EEAB14DB-6B56-447D-A88C-72F5F0E08470}"
EndProject
Project("{9A19103F-16F7-4668-BE54-9A1E7A4F7556}") = "R5T.T0177", "..\..\R5T.T0177\source\R5T.T0177\R5T.T0177.csproj", "{5D9D5053-12A6-4E25-84F6-7BE61F6160AC}"
EndProject
Project("{9A19103F-16F7-4668-BE54-9A1E7A4F7556}") = "R5T.T0184", "..\..\R5T.T0184\source\R5T.T0184\R5T.T0184.csproj", "{55B25E9C-2487-4A67-A7AB-886F9FEA9176}"
EndProject
Project("{9A19103F-16F7-4668-BE54-9A1E7A4F7556}") = "R5T.T0186", "..\..\R5T.T0186\source\R5T.T0186\R5T.T0186.csproj", "{ED03E848-FEB9-4BF3-9BAA-A8FD37658312}"
EndProject
Project("{9A19103F-16F7-4668-BE54-9A1E7A4F7556}") = "R5T.T0196", "..\..\R5T.T0196\source\R5T.T0196\R5T.T0196.csproj", "{A878CDEC-7660-4C94-BCD4-57031E14F292}"
EndProject
Project("{9A19103F-16F7-4668-BE54-9A1E7A4F7556}") = "R5T.T0197", "..\..\R5T.T0197\source\R5T.T0197\R5T.T0197.csproj", "{53E88ABF-8763-4E5E-824F-08DC632D10C6}"
EndProject
Project("{9A19103F-16F7-4668-BE54-9A1E7A4F7556}") = "R5T.T0198", "..\..\R5T.T0198\source\R5T.T0198\R5T.T0198.csproj", "{FDA0DEB0-5075-4BA7-90CC-6F65A9C3948E}"
EndProject
Project("{9A19103F-16F7-4668-BE54-9A1E7A4F7556}") = "R5T.T0200", "..\..\R5T.T0200\source\R5T.T0200\R5T.T0200.csproj", "{9024FA61-8B51-4E36-8302-95ADD08E4E64}"
EndProject
Project("{9A19103F-16F7-4668-BE54-9A1E7A4F7556}") = "R5T.T0203", "..\..\R5T.T0203\source\R5T.T0203\R5T.T0203.csproj", "{3E5FEF39-FF4A-4A39-9064-23A4A93D9D55}"
EndProject
Project("{9A19103F-16F7-4668-BE54-9A1E7A4F7556}") = "R5T.Y0000", "..\..\R5T.Y0000\source\R5T.Y0000\R5T.Y0000.csproj", "{5C11D046-AA1E-4692-A715-7C2AEAE025AA}"
EndProject
Project("{9A19103F-16F7-4668-BE54-9A1E7A4F7556}") = "R5T.Z0000", "..\..\R5T.Z0000\source\R5T.Z0000\R5T.Z0000.csproj", "{C70B66C7-1ADE-4C42-97FA-523A833D550A}"
EndProject
Global
	GlobalSection(NestedProjects) = preSolution
		{CC274829-D021-4369-BE61-0AE9DD40C620} = {9480FD31-BE53-4EC6-93E4-A1D4AFD52256}
		{49FCBDC8-E54C-4C52-BB97-84534E3C2DC1} = {9480FD31-BE53-4EC6-93E4-A1D4AFD52256}
		{8868E7AF-D902-4D35-A4CE-45D4125379D9} = {9480FD31-BE53-4EC6-93E4-A1D4AFD52256}
		{35A7DC2B-40B0-4297-8063-E56B422A2A6C} = {9480FD31-BE53-4EC6-93E4-A1D4AFD52256}
		{0295AA4D-2B49-4A2F-A521-A8279378FAD4} = {9480FD31-BE53-4EC6-93E4-A1D4AFD52256}
		{A8028D28-6117-41D2-BD18-AE1FB72CC378} = {9480FD31-BE53-4EC6-93E4-A1D4AFD52256}
		{18121DA1-96D1-4F19-A91C-BEB826A420B3} = {9480FD31-BE53-4EC6-93E4-A1D4AFD52256}
		{ECA364DA-F9B0-4447-B3C7-66FD36B5535D} = {9480FD31-BE53-4EC6-93E4-A1D4AFD52256}
		{BF66436C-7A5D-47FC-A299-75D95E766247} = {9480FD31-BE53-4EC6-93E4-A1D4AFD52256}
		{3E0B6AC0-420D-412C-BC23-985AB94AF91D} = {9480FD31-BE53-4EC6-93E4-A1D4AFD52256}
		{A0B06D54-00BA-4750-A1CA-BA5AC2A0DEE5} = {9480FD31-BE53-4EC6-93E4-A1D4AFD52256}
		{C4D78AF7-2EE5-47E3-A4E3-BD2A6A9E9C86} = {9480FD31-BE53-4EC6-93E4-A1D4AFD52256}
		{D0E28C7F-0997-4341-A6E4-46CEC0E07A64} = {9480FD31-BE53-4EC6-93E4-A1D4AFD52256}
		{A6E465CB-C762-48B1-87F5-0AF6848F80F3} = {9480FD31-BE53-4EC6-93E4-A1D4AFD52256}
		{D152F869-B4B2-4DCE-8BF0-19EEA0A91845} = {9480FD31-BE53-4EC6-93E4-A1D4AFD52256}
		{5BE78BD6-B2EA-4EF4-97D0-3AFA2A7B7716} = {9480FD31-BE53-4EC6-93E4-A1D4AFD52256}
		{862DD3A6-0B3F-4ECA-BEB6-99194D76BA83} = {9480FD31-BE53-4EC6-93E4-A1D4AFD52256}
		{3DD9B102-6283-414A-8D38-0034E03217F1} = {9480FD31-BE53-4EC6-93E4-A1D4AFD52256}
		{F59F5927-15E4-4DE2-9753-20A6F4714203} = {9480FD31-BE53-4EC6-93E4-A1D4AFD52256}
		{D3B2145F-2722-4DD7-9BA0-010C4237C0B5} = {9480FD31-BE53-4EC6-93E4-A1D4AFD52256}
		{91086B98-F954-42E2-A83B-C24E8B6DA9F0} = {9480FD31-BE53-4EC6-93E4-A1D4AFD52256}
		{D2829B2E-2A81-4DD2-A864-6443B31CAFBC} = {9480FD31-BE53-4EC6-93E4-A1D4AFD52256}
		{DC29C44B-736F-46B1-90C5-39E61E1A84E4} = {9480FD31-BE53-4EC6-93E4-A1D4AFD52256}
		{AF97F42D-35D1-4C29-AE59-4211A652D64B} = {9480FD31-BE53-4EC6-93E4-A1D4AFD52256}
		{89F73EB8-01D1-4482-98F5-51DF30E01EFA} = {9480FD31-BE53-4EC6-93E4-A1D4AFD52256}
		{EEAB14DB-6B56-447D-A88C-72F5F0E08470} = {9480FD31-BE53-4EC6-93E4-A1D4AFD52256}
		{5D9D5053-12A6-4E25-84F6-7BE61F6160AC} = {9480FD31-BE53-4EC6-93E4-A1D4AFD52256}
		{55B25E9C-2487-4A67-A7AB-886F9FEA9176} = {9480FD31-BE53-4EC6-93E4-A1D4AFD52256}
		{ED03E848-FEB9-4BF3-9BAA-A8FD37658312} = {9480FD31-BE53-4EC6-93E4-A1D4AFD52256}
		{A878CDEC-7660-4C94-BCD4-57031E14F292} = {9480FD31-BE53-4EC6-93E4-A1D4AFD52256}
		{53E88ABF-8763-4E5E-824F-08DC632D10C6} = {9480FD31-BE53-4EC6-93E4-A1D4AFD52256}
		{FDA0DEB0-5075-4BA7-90CC-6F65A9C3948E} = {9480FD31-BE53-4EC6-93E4-A1D4AFD52256}
		{9024FA61-8B51-4E36-8302-95ADD08E4E64} = {9480FD31-BE53-4EC6-93E4-A1D4AFD52256}
		{3E5FEF39-FF4A-4A39-9064-23A4A93D9D55} = {9480FD31-BE53-4EC6-93E4-A1D4AFD52256}
		{5C11D046-AA1E-4692-A715-7C2AEAE025AA} = {9480FD31-BE53-4EC6-93E4-A1D4AFD52256}
		{C70B66C7-1ADE-4C42-97FA-523A833D550A} = {9480FD31-BE53-4EC6-93E4-A1D4AFD52256}
	EndGlobalSection
	GlobalSection(SolutionConfigurationPlatforms) = preSolution
		Debug|Any CPU = Debug|Any CPU
		Release|Any CPU = Release|Any CPU
	EndGlobalSection
	GlobalSection(ProjectConfigurationPlatforms) = postSolution
		{E1A5BAC8-3319-4490-AB79-95A710AD3580}.Debug|Any CPU.ActiveCfg = Debug|Any CPU
		{E1A5BAC8-3319-4490-AB79-95A710AD3580}.Debug|Any CPU.Build.0 = Debug|Any CPU
		{E1A5BAC8-3319-4490-AB79-95A710AD3580}.Release|Any CPU.ActiveCfg = Release|Any CPU
		{E1A5BAC8-3319-4490-AB79-95A710AD3580}.Release|Any CPU.Build.0 = Release|Any CPU
		{3B30676E-D78D-4117-8D6C-DA5AB9A2199A}.Debug|Any CPU.ActiveCfg = Debug|Any CPU
		{3B30676E-D78D-4117-8D6C-DA5AB9A2199A}.Debug|Any CPU.Build.0 = Debug|Any CPU
		{3B30676E-D78D-4117-8D6C-DA5AB9A2199A}.Release|Any CPU.ActiveCfg = Release|Any CPU
		{3B30676E-D78D-4117-8D6C-DA5AB9A2199A}.Release|Any CPU.Build.0 = Release|Any CPU
		{CC274829-D021-4369-BE61-0AE9DD40C620}.Debug|Any CPU.ActiveCfg = Debug|Any CPU
		{CC274829-D021-4369-BE61-0AE9DD40C620}.Debug|Any CPU.Build.0 = Debug|Any CPU
		{CC274829-D021-4369-BE61-0AE9DD40C620}.Release|Any CPU.ActiveCfg = Release|Any CPU
		{CC274829-D021-4369-BE61-0AE9DD40C620}.Release|Any CPU.Build.0 = Release|Any CPU
		{49FCBDC8-E54C-4C52-BB97-84534E3C2DC1}.Debug|Any CPU.ActiveCfg = Debug|Any CPU
		{49FCBDC8-E54C-4C52-BB97-84534E3C2DC1}.Debug|Any CPU.Build.0 = Debug|Any CPU
		{49FCBDC8-E54C-4C52-BB97-84534E3C2DC1}.Release|Any CPU.ActiveCfg = Release|Any CPU
		{49FCBDC8-E54C-4C52-BB97-84534E3C2DC1}.Release|Any CPU.Build.0 = Release|Any CPU
		{8868E7AF-D902-4D35-A4CE-45D4125379D9}.Debug|Any CPU.ActiveCfg = Debug|Any CPU
		{8868E7AF-D902-4D35-A4CE-45D4125379D9}.Debug|Any CPU.Build.0 = Debug|Any CPU
		{8868E7AF-D902-4D35-A4CE-45D4125379D9}.Release|Any CPU.ActiveCfg = Release|Any CPU
		{8868E7AF-D902-4D35-A4CE-45D4125379D9}.Release|Any CPU.Build.0 = Release|Any CPU
		{35A7DC2B-40B0-4297-8063-E56B422A2A6C}.Debug|Any CPU.ActiveCfg = Debug|Any CPU
		{35A7DC2B-40B0-4297-8063-E56B422A2A6C}.Debug|Any CPU.Build.0 = Debug|Any CPU
		{35A7DC2B-40B0-4297-8063-E56B422A2A6C}.Release|Any CPU.ActiveCfg = Release|Any CPU
		{35A7DC2B-40B0-4297-8063-E56B422A2A6C}.Release|Any CPU.Build.0 = Release|Any CPU
		{0295AA4D-2B49-4A2F-A521-A8279378FAD4}.Debug|Any CPU.ActiveCfg = Debug|Any CPU
		{0295AA4D-2B49-4A2F-A521-A8279378FAD4}.Debug|Any CPU.Build.0 = Debug|Any CPU
		{0295AA4D-2B49-4A2F-A521-A8279378FAD4}.Release|Any CPU.ActiveCfg = Release|Any CPU
		{0295AA4D-2B49-4A2F-A521-A8279378FAD4}.Release|Any CPU.Build.0 = Release|Any CPU
		{A8028D28-6117-41D2-BD18-AE1FB72CC378}.Debug|Any CPU.ActiveCfg = Debug|Any CPU
		{A8028D28-6117-41D2-BD18-AE1FB72CC378}.Debug|Any CPU.Build.0 = Debug|Any CPU
		{A8028D28-6117-41D2-BD18-AE1FB72CC378}.Release|Any CPU.ActiveCfg = Release|Any CPU
		{A8028D28-6117-41D2-BD18-AE1FB72CC378}.Release|Any CPU.Build.0 = Release|Any CPU
		{18121DA1-96D1-4F19-A91C-BEB826A420B3}.Debug|Any CPU.ActiveCfg = Debug|Any CPU
		{18121DA1-96D1-4F19-A91C-BEB826A420B3}.Debug|Any CPU.Build.0 = Debug|Any CPU
		{18121DA1-96D1-4F19-A91C-BEB826A420B3}.Release|Any CPU.ActiveCfg = Release|Any CPU
		{18121DA1-96D1-4F19-A91C-BEB826A420B3}.Release|Any CPU.Build.0 = Release|Any CPU
		{ECA364DA-F9B0-4447-B3C7-66FD36B5535D}.Debug|Any CPU.ActiveCfg = Debug|Any CPU
		{ECA364DA-F9B0-4447-B3C7-66FD36B5535D}.Debug|Any CPU.Build.0 = Debug|Any CPU
		{ECA364DA-F9B0-4447-B3C7-66FD36B5535D}.Release|Any CPU.ActiveCfg = Release|Any CPU
		{ECA364DA-F9B0-4447-B3C7-66FD36B5535D}.Release|Any CPU.Build.0 = Release|Any CPU
		{BF66436C-7A5D-47FC-A299-75D95E766247}.Debug|Any CPU.ActiveCfg = Debug|Any CPU
		{BF66436C-7A5D-47FC-A299-75D95E766247}.Debug|Any CPU.Build.0 = Debug|Any CPU
		{BF66436C-7A5D-47FC-A299-75D95E766247}.Release|Any CPU.ActiveCfg = Release|Any CPU
		{BF66436C-7A5D-47FC-A299-75D95E766247}.Release|Any CPU.Build.0 = Release|Any CPU
		{3E0B6AC0-420D-412C-BC23-985AB94AF91D}.Debug|Any CPU.ActiveCfg = Debug|Any CPU
		{3E0B6AC0-420D-412C-BC23-985AB94AF91D}.Debug|Any CPU.Build.0 = Debug|Any CPU
		{3E0B6AC0-420D-412C-BC23-985AB94AF91D}.Release|Any CPU.ActiveCfg = Release|Any CPU
		{3E0B6AC0-420D-412C-BC23-985AB94AF91D}.Release|Any CPU.Build.0 = Release|Any CPU
		{A0B06D54-00BA-4750-A1CA-BA5AC2A0DEE5}.Debug|Any CPU.ActiveCfg = Debug|Any CPU
		{A0B06D54-00BA-4750-A1CA-BA5AC2A0DEE5}.Debug|Any CPU.Build.0 = Debug|Any CPU
		{A0B06D54-00BA-4750-A1CA-BA5AC2A0DEE5}.Release|Any CPU.ActiveCfg = Release|Any CPU
		{A0B06D54-00BA-4750-A1CA-BA5AC2A0DEE5}.Release|Any CPU.Build.0 = Release|Any CPU
		{C4D78AF7-2EE5-47E3-A4E3-BD2A6A9E9C86}.Debug|Any CPU.ActiveCfg = Debug|Any CPU
		{C4D78AF7-2EE5-47E3-A4E3-BD2A6A9E9C86}.Debug|Any CPU.Build.0 = Debug|Any CPU
		{C4D78AF7-2EE5-47E3-A4E3-BD2A6A9E9C86}.Release|Any CPU.ActiveCfg = Release|Any CPU
		{C4D78AF7-2EE5-47E3-A4E3-BD2A6A9E9C86}.Release|Any CPU.Build.0 = Release|Any CPU
		{D0E28C7F-0997-4341-A6E4-46CEC0E07A64}.Debug|Any CPU.ActiveCfg = Debug|Any CPU
		{D0E28C7F-0997-4341-A6E4-46CEC0E07A64}.Debug|Any CPU.Build.0 = Debug|Any CPU
		{D0E28C7F-0997-4341-A6E4-46CEC0E07A64}.Release|Any CPU.ActiveCfg = Release|Any CPU
		{D0E28C7F-0997-4341-A6E4-46CEC0E07A64}.Release|Any CPU.Build.0 = Release|Any CPU
		{A6E465CB-C762-48B1-87F5-0AF6848F80F3}.Debug|Any CPU.ActiveCfg = Debug|Any CPU
		{A6E465CB-C762-48B1-87F5-0AF6848F80F3}.Debug|Any CPU.Build.0 = Debug|Any CPU
		{A6E465CB-C762-48B1-87F5-0AF6848F80F3}.Release|Any CPU.ActiveCfg = Release|Any CPU
		{A6E465CB-C762-48B1-87F5-0AF6848F80F3}.Release|Any CPU.Build.0 = Release|Any CPU
		{D152F869-B4B2-4DCE-8BF0-19EEA0A91845}.Debug|Any CPU.ActiveCfg = Debug|Any CPU
		{D152F869-B4B2-4DCE-8BF0-19EEA0A91845}.Debug|Any CPU.Build.0 = Debug|Any CPU
		{D152F869-B4B2-4DCE-8BF0-19EEA0A91845}.Release|Any CPU.ActiveCfg = Release|Any CPU
		{D152F869-B4B2-4DCE-8BF0-19EEA0A91845}.Release|Any CPU.Build.0 = Release|Any CPU
		{5BE78BD6-B2EA-4EF4-97D0-3AFA2A7B7716}.Debug|Any CPU.ActiveCfg = Debug|Any CPU
		{5BE78BD6-B2EA-4EF4-97D0-3AFA2A7B7716}.Debug|Any CPU.Build.0 = Debug|Any CPU
		{5BE78BD6-B2EA-4EF4-97D0-3AFA2A7B7716}.Release|Any CPU.ActiveCfg = Release|Any CPU
		{5BE78BD6-B2EA-4EF4-97D0-3AFA2A7B7716}.Release|Any CPU.Build.0 = Release|Any CPU
		{862DD3A6-0B3F-4ECA-BEB6-99194D76BA83}.Debug|Any CPU.ActiveCfg = Debug|Any CPU
		{862DD3A6-0B3F-4ECA-BEB6-99194D76BA83}.Debug|Any CPU.Build.0 = Debug|Any CPU
		{862DD3A6-0B3F-4ECA-BEB6-99194D76BA83}.Release|Any CPU.ActiveCfg = Release|Any CPU
		{862DD3A6-0B3F-4ECA-BEB6-99194D76BA83}.Release|Any CPU.Build.0 = Release|Any CPU
		{3DD9B102-6283-414A-8D38-0034E03217F1}.Debug|Any CPU.ActiveCfg = Debug|Any CPU
		{3DD9B102-6283-414A-8D38-0034E03217F1}.Debug|Any CPU.Build.0 = Debug|Any CPU
		{3DD9B102-6283-414A-8D38-0034E03217F1}.Release|Any CPU.ActiveCfg = Release|Any CPU
		{3DD9B102-6283-414A-8D38-0034E03217F1}.Release|Any CPU.Build.0 = Release|Any CPU
		{F59F5927-15E4-4DE2-9753-20A6F4714203}.Debug|Any CPU.ActiveCfg = Debug|Any CPU
		{F59F5927-15E4-4DE2-9753-20A6F4714203}.Debug|Any CPU.Build.0 = Debug|Any CPU
		{F59F5927-15E4-4DE2-9753-20A6F4714203}.Release|Any CPU.ActiveCfg = Release|Any CPU
		{F59F5927-15E4-4DE2-9753-20A6F4714203}.Release|Any CPU.Build.0 = Release|Any CPU
		{D3B2145F-2722-4DD7-9BA0-010C4237C0B5}.Debug|Any CPU.ActiveCfg = Debug|Any CPU
		{D3B2145F-2722-4DD7-9BA0-010C4237C0B5}.Debug|Any CPU.Build.0 = Debug|Any CPU
		{D3B2145F-2722-4DD7-9BA0-010C4237C0B5}.Release|Any CPU.ActiveCfg = Release|Any CPU
		{D3B2145F-2722-4DD7-9BA0-010C4237C0B5}.Release|Any CPU.Build.0 = Release|Any CPU
		{91086B98-F954-42E2-A83B-C24E8B6DA9F0}.Debug|Any CPU.ActiveCfg = Debug|Any CPU
		{91086B98-F954-42E2-A83B-C24E8B6DA9F0}.Debug|Any CPU.Build.0 = Debug|Any CPU
		{91086B98-F954-42E2-A83B-C24E8B6DA9F0}.Release|Any CPU.ActiveCfg = Release|Any CPU
		{91086B98-F954-42E2-A83B-C24E8B6DA9F0}.Release|Any CPU.Build.0 = Release|Any CPU
		{D2829B2E-2A81-4DD2-A864-6443B31CAFBC}.Debug|Any CPU.ActiveCfg = Debug|Any CPU
		{D2829B2E-2A81-4DD2-A864-6443B31CAFBC}.Debug|Any CPU.Build.0 = Debug|Any CPU
		{D2829B2E-2A81-4DD2-A864-6443B31CAFBC}.Release|Any CPU.ActiveCfg = Release|Any CPU
		{D2829B2E-2A81-4DD2-A864-6443B31CAFBC}.Release|Any CPU.Build.0 = Release|Any CPU
		{DC29C44B-736F-46B1-90C5-39E61E1A84E4}.Debug|Any CPU.ActiveCfg = Debug|Any CPU
		{DC29C44B-736F-46B1-90C5-39E61E1A84E4}.Debug|Any CPU.Build.0 = Debug|Any CPU
		{DC29C44B-736F-46B1-90C5-39E61E1A84E4}.Release|Any CPU.ActiveCfg = Release|Any CPU
		{DC29C44B-736F-46B1-90C5-39E61E1A84E4}.Release|Any CPU.Build.0 = Release|Any CPU
		{AF97F42D-35D1-4C29-AE59-4211A652D64B}.Debug|Any CPU.ActiveCfg = Debug|Any CPU
		{AF97F42D-35D1-4C29-AE59-4211A652D64B}.Debug|Any CPU.Build.0 = Debug|Any CPU
		{AF97F42D-35D1-4C29-AE59-4211A652D64B}.Release|Any CPU.ActiveCfg = Release|Any CPU
		{AF97F42D-35D1-4C29-AE59-4211A652D64B}.Release|Any CPU.Build.0 = Release|Any CPU
		{89F73EB8-01D1-4482-98F5-51DF30E01EFA}.Debug|Any CPU.ActiveCfg = Debug|Any CPU
		{89F73EB8-01D1-4482-98F5-51DF30E01EFA}.Debug|Any CPU.Build.0 = Debug|Any CPU
		{89F73EB8-01D1-4482-98F5-51DF30E01EFA}.Release|Any CPU.ActiveCfg = Release|Any CPU
		{89F73EB8-01D1-4482-98F5-51DF30E01EFA}.Release|Any CPU.Build.0 = Release|Any CPU
		{EEAB14DB-6B56-447D-A88C-72F5F0E08470}.Debug|Any CPU.ActiveCfg = Debug|Any CPU
		{EEAB14DB-6B56-447D-A88C-72F5F0E08470}.Debug|Any CPU.Build.0 = Debug|Any CPU
		{EEAB14DB-6B56-447D-A88C-72F5F0E08470}.Release|Any CPU.ActiveCfg = Release|Any CPU
		{EEAB14DB-6B56-447D-A88C-72F5F0E08470}.Release|Any CPU.Build.0 = Release|Any CPU
		{5D9D5053-12A6-4E25-84F6-7BE61F6160AC}.Debug|Any CPU.ActiveCfg = Debug|Any CPU
		{5D9D5053-12A6-4E25-84F6-7BE61F6160AC}.Debug|Any CPU.Build.0 = Debug|Any CPU
		{5D9D5053-12A6-4E25-84F6-7BE61F6160AC}.Release|Any CPU.ActiveCfg = Release|Any CPU
		{5D9D5053-12A6-4E25-84F6-7BE61F6160AC}.Release|Any CPU.Build.0 = Release|Any CPU
		{55B25E9C-2487-4A67-A7AB-886F9FEA9176}.Debug|Any CPU.ActiveCfg = Debug|Any CPU
		{55B25E9C-2487-4A67-A7AB-886F9FEA9176}.Debug|Any CPU.Build.0 = Debug|Any CPU
		{55B25E9C-2487-4A67-A7AB-886F9FEA9176}.Release|Any CPU.ActiveCfg = Release|Any CPU
		{55B25E9C-2487-4A67-A7AB-886F9FEA9176}.Release|Any CPU.Build.0 = Release|Any CPU
		{ED03E848-FEB9-4BF3-9BAA-A8FD37658312}.Debug|Any CPU.ActiveCfg = Debug|Any CPU
		{ED03E848-FEB9-4BF3-9BAA-A8FD37658312}.Debug|Any CPU.Build.0 = Debug|Any CPU
		{ED03E848-FEB9-4BF3-9BAA-A8FD37658312}.Release|Any CPU.ActiveCfg = Release|Any CPU
		{ED03E848-FEB9-4BF3-9BAA-A8FD37658312}.Release|Any CPU.Build.0 = Release|Any CPU
		{A878CDEC-7660-4C94-BCD4-57031E14F292}.Debug|Any CPU.ActiveCfg = Debug|Any CPU
		{A878CDEC-7660-4C94-BCD4-57031E14F292}.Debug|Any CPU.Build.0 = Debug|Any CPU
		{A878CDEC-7660-4C94-BCD4-57031E14F292}.Release|Any CPU.ActiveCfg = Release|Any CPU
		{A878CDEC-7660-4C94-BCD4-57031E14F292}.Release|Any CPU.Build.0 = Release|Any CPU
		{53E88ABF-8763-4E5E-824F-08DC632D10C6}.Debug|Any CPU.ActiveCfg = Debug|Any CPU
		{53E88ABF-8763-4E5E-824F-08DC632D10C6}.Debug|Any CPU.Build.0 = Debug|Any CPU
		{53E88ABF-8763-4E5E-824F-08DC632D10C6}.Release|Any CPU.ActiveCfg = Release|Any CPU
		{53E88ABF-8763-4E5E-824F-08DC632D10C6}.Release|Any CPU.Build.0 = Release|Any CPU
		{FDA0DEB0-5075-4BA7-90CC-6F65A9C3948E}.Debug|Any CPU.ActiveCfg = Debug|Any CPU
		{FDA0DEB0-5075-4BA7-90CC-6F65A9C3948E}.Debug|Any CPU.Build.0 = Debug|Any CPU
		{FDA0DEB0-5075-4BA7-90CC-6F65A9C3948E}.Release|Any CPU.ActiveCfg = Release|Any CPU
		{FDA0DEB0-5075-4BA7-90CC-6F65A9C3948E}.Release|Any CPU.Build.0 = Release|Any CPU
		{9024FA61-8B51-4E36-8302-95ADD08E4E64}.Debug|Any CPU.ActiveCfg = Debug|Any CPU
		{9024FA61-8B51-4E36-8302-95ADD08E4E64}.Debug|Any CPU.Build.0 = Debug|Any CPU
		{9024FA61-8B51-4E36-8302-95ADD08E4E64}.Release|Any CPU.ActiveCfg = Release|Any CPU
		{9024FA61-8B51-4E36-8302-95ADD08E4E64}.Release|Any CPU.Build.0 = Release|Any CPU
		{3E5FEF39-FF4A-4A39-9064-23A4A93D9D55}.Debug|Any CPU.ActiveCfg = Debug|Any CPU
		{3E5FEF39-FF4A-4A39-9064-23A4A93D9D55}.Debug|Any CPU.Build.0 = Debug|Any CPU
		{3E5FEF39-FF4A-4A39-9064-23A4A93D9D55}.Release|Any CPU.ActiveCfg = Release|Any CPU
		{3E5FEF39-FF4A-4A39-9064-23A4A93D9D55}.Release|Any CPU.Build.0 = Release|Any CPU
		{5C11D046-AA1E-4692-A715-7C2AEAE025AA}.Debug|Any CPU.ActiveCfg = Debug|Any CPU
		{5C11D046-AA1E-4692-A715-7C2AEAE025AA}.Debug|Any CPU.Build.0 = Debug|Any CPU
		{5C11D046-AA1E-4692-A715-7C2AEAE025AA}.Release|Any CPU.ActiveCfg = Release|Any CPU
		{5C11D046-AA1E-4692-A715-7C2AEAE025AA}.Release|Any CPU.Build.0 = Release|Any CPU
		{C70B66C7-1ADE-4C42-97FA-523A833D550A}.Debug|Any CPU.ActiveCfg = Debug|Any CPU
		{C70B66C7-1ADE-4C42-97FA-523A833D550A}.Debug|Any CPU.Build.0 = Debug|Any CPU
		{C70B66C7-1ADE-4C42-97FA-523A833D550A}.Release|Any CPU.ActiveCfg = Release|Any CPU
		{C70B66C7-1ADE-4C42-97FA-523A833D550A}.Release|Any CPU.Build.0 = Release|Any CPU
	EndGlobalSection
	GlobalSection(SolutionProperties) = preSolution
		HideSolutionNode = FALSE
	EndGlobalSection
	GlobalSection(ExtensibilityGlobals) = postSolution
		SolutionGuid = {2DADAE8B-41D4-4E50-BEEF-AB26D7381829}
	EndGlobalSection
EndGlobal
