
Microsoft Visual Studio Solution File, Format Version 12.00
# Visual Studio Version 17
VisualStudioVersion = 17.2.32630.192
MinimumVisualStudioVersion = 10.0.40219.1
Project("{9A19103F-16F7-4668-BE54-9A1E7A4F7556}") = "R5T.Z0046.Construction", "R5T.Z0046.Construction\R5T.Z0046.Construction.csproj", "{E1A5BAC8-3319-4490-AB79-95A710AD3580}"
EndProject
Project("{9A19103F-16F7-4668-BE54-9A1E7A4F7556}") = "R5T.Z0046", "R5T.Z0046\R5T.Z0046.csproj", "{3B30676E-D78D-4117-8D6C-DA5AB9A2199A}"
EndProject
Project("{2150E333-8FDC-42A3-9474-1A3956D46DE8}") = "_Dependencies", "_Dependencies", "{9480FD31-BE53-4EC6-93E4-A1D4AFD52256}"
EndProject
Project("{9A19103F-16F7-4668-BE54-9A1E7A4F7556}") = "R5T.T0132", "..\..\R5T.T0132\source\R5T.T0132\R5T.T0132.csproj", "{CC274829-D021-4369-BE61-0AE9DD40C620}"
EndProject
Project("{9A19103F-16F7-4668-BE54-9A1E7A4F7556}") = "R5T.T0142", "..\..\R5T.T0142\source\R5T.T0142\R5T.T0142.csproj", "{49FCBDC8-E54C-4C52-BB97-84534E3C2DC1}"
EndProject
Project("{9A19103F-16F7-4668-BE54-9A1E7A4F7556}") = "R5T.T0143", "..\..\R5T.T0143\source\R5T.T0143\R5T.T0143.csproj", "{8868E7AF-D902-4D35-A4CE-45D4125379D9}"
EndProject
Project("{9A19103F-16F7-4668-BE54-9A1E7A4F7556}") = "R5T.T0150", "..\..\R5T.T0150\source\R5T.T0150\R5T.T0150.csproj", "{35A7DC2B-40B0-4297-8063-E56B422A2A6C}"
EndProject
Project("{9A19103F-16F7-4668-BE54-9A1E7A4F7556}") = "R5T.T0151", "..\..\R5T.T0151\source\R5T.T0151\R5T.T0151.csproj", "{0295AA4D-2B49-4A2F-A521-A8279378FAD4}"
EndProject
Project("{9A19103F-16F7-4668-BE54-9A1E7A4F7556}") = "R5T.T0172", "..\..\R5T.T0172\source\R5T.T0172\R5T.T0172.csproj", "{A8028D28-6117-41D2-BD18-AE1FB72CC378}"
EndProject
Project("{9A19103F-16F7-4668-BE54-9A1E7A4F7556}") = "R5T.T0178", "..\..\R5T.T0178\source\R5T.T0178\R5T.T0178.csproj", "{18121DA1-96D1-4F19-A91C-BEB826A420B3}"
EndProject
Project("{9A19103F-16F7-4668-BE54-9A1E7A4F7556}") = "R5T.T0179", "..\..\R5T.T0179\source\R5T.T0179\R5T.T0179.csproj", "{ECA364DA-F9B0-4447-B3C7-66FD36B5535D}"
EndProject
Project("{9A19103F-16F7-4668-BE54-9A1E7A4F7556}") = "R5T.T0180", "..\..\R5T.T0180\source\R5T.T0180\R5T.T0180.csproj", "{BF66436C-7A5D-47FC-A299-75D95E766247}"
EndProject
Project("{9A19103F-16F7-4668-BE54-9A1E7A4F7556}") = "R5T.T0181", "..\..\R5T.T0181\source\R5T.T0181\R5T.T0181.csproj", "{3E0B6AC0-420D-412C-BC23-985AB94AF91D}"
EndProject
Project("{9A19103F-16F7-4668-BE54-9A1E7A4F7556}") = "R5T.T0131", "..\..\R5T.T0131\source\R5T.T0131\R5T.T0131.csproj", "{A0B06D54-00BA-4750-A1CA-BA5AC2A0DEE5}"
EndProject
Project("{9A19103F-16F7-4668-BE54-9A1E7A4F7556}") = "R5T.T0161", "..\..\R5T.T0161\source\R5T.T0161\R5T.T0161.csproj", "{C4D78AF7-2EE5-47E3-A4E3-BD2A6A9E9C86}"
EndProject
Project("{9A19103F-16F7-4668-BE54-9A1E7A4F7556}") = "R5T.T0185", "..\..\R5T.T0185\source\R5T.T0185\R5T.T0185.csproj", "{D0E28C7F-0997-4341-A6E4-46CEC0E07A64}"
EndProject
Project("{9A19103F-16F7-4668-BE54-9A1E7A4F7556}") = "R5T.T0187", "..\..\R5T.T0187\source\R5T.T0187\R5T.T0187.csproj", "{A6E465CB-C762-48B1-87F5-0AF6848F80F3}"
EndProject
Global
	GlobalSection(NestedProjects) = preSolution
		{CC274829-D021-4369-BE61-0AE9DD40C620} = {9480FD31-BE53-4EC6-93E4-A1D4AFD52256}
		{49FCBDC8-E54C-4C52-BB97-84534E3C2DC1} = {9480FD31-BE53-4EC6-93E4-A1D4AFD52256}
		{8868E7AF-D902-4D35-A4CE-45D4125379D9} = {9480FD31-BE53-4EC6-93E4-A1D4AFD52256}
		{35A7DC2B-40B0-4297-8063-E56B422A2A6C} = {9480FD31-BE53-4EC6-93E4-A1D4AFD52256}
		{0295AA4D-2B49-4A2F-A521-A8279378FAD4} = {9480FD31-BE53-4EC6-93E4-A1D4AFD52256}
		{A8028D28-6117-41D2-BD18-AE1FB72CC378} = {9480FD31-BE53-4EC6-93E4-A1D4AFD52256}
		{18121DA1-96D1-4F19-A91C-BEB826A420B3} = {9480FD31-BE53-4EC6-93E4-A1D4AFD52256}
		{ECA364DA-F9B0-4447-B3C7-66FD36B5535D} = {9480FD31-BE53-4EC6-93E4-A1D4AFD52256}
		{BF66436C-7A5D-47FC-A299-75D95E766247} = {9480FD31-BE53-4EC6-93E4-A1D4AFD52256}
		{3E0B6AC0-420D-412C-BC23-985AB94AF91D} = {9480FD31-BE53-4EC6-93E4-A1D4AFD52256}
		{A0B06D54-00BA-4750-A1CA-BA5AC2A0DEE5} = {9480FD31-BE53-4EC6-93E4-A1D4AFD52256}
		{C4D78AF7-2EE5-47E3-A4E3-BD2A6A9E9C86} = {9480FD31-BE53-4EC6-93E4-A1D4AFD52256}
		{D0E28C7F-0997-4341-A6E4-46CEC0E07A64} = {9480FD31-BE53-4EC6-93E4-A1D4AFD52256}
		{A6E465CB-C762-48B1-87F5-0AF6848F80F3} = {9480FD31-BE53-4EC6-93E4-A1D4AFD52256}
	EndGlobalSection
	GlobalSection(SolutionConfigurationPlatforms) = preSolution
		Debug|Any CPU = Debug|Any CPU
		Release|Any CPU = Release|Any CPU
	EndGlobalSection
	GlobalSection(ProjectConfigurationPlatforms) = postSolution
		{E1A5BAC8-3319-4490-AB79-95A710AD3580}.Debug|Any CPU.ActiveCfg = Debug|Any CPU
		{E1A5BAC8-3319-4490-AB79-95A710AD3580}.Debug|Any CPU.Build.0 = Debug|Any CPU
		{E1A5BAC8-3319-4490-AB79-95A710AD3580}.Release|Any CPU.ActiveCfg = Release|Any CPU
		{E1A5BAC8-3319-4490-AB79-95A710AD3580}.Release|Any CPU.Build.0 = Release|Any CPU
		{3B30676E-D78D-4117-8D6C-DA5AB9A2199A}.Debug|Any CPU.ActiveCfg = Debug|Any CPU
		{3B30676E-D78D-4117-8D6C-DA5AB9A2199A}.Debug|Any CPU.Build.0 = Debug|Any CPU
		{3B30676E-D78D-4117-8D6C-DA5AB9A2199A}.Release|Any CPU.ActiveCfg = Release|Any CPU
		{3B30676E-D78D-4117-8D6C-DA5AB9A2199A}.Release|Any CPU.Build.0 = Release|Any CPU
		{CC274829-D021-4369-BE61-0AE9DD40C620}.Debug|Any CPU.ActiveCfg = Debug|Any CPU
		{CC274829-D021-4369-BE61-0AE9DD40C620}.Debug|Any CPU.Build.0 = Debug|Any CPU
		{CC274829-D021-4369-BE61-0AE9DD40C620}.Release|Any CPU.ActiveCfg = Release|Any CPU
		{CC274829-D021-4369-BE61-0AE9DD40C620}.Release|Any CPU.Build.0 = Release|Any CPU
		{49FCBDC8-E54C-4C52-BB97-84534E3C2DC1}.Debug|Any CPU.ActiveCfg = Debug|Any CPU
		{49FCBDC8-E54C-4C52-BB97-84534E3C2DC1}.Debug|Any CPU.Build.0 = Debug|Any CPU
		{49FCBDC8-E54C-4C52-BB97-84534E3C2DC1}.Release|Any CPU.ActiveCfg = Release|Any CPU
		{49FCBDC8-E54C-4C52-BB97-84534E3C2DC1}.Release|Any CPU.Build.0 = Release|Any CPU
		{8868E7AF-D902-4D35-A4CE-45D4125379D9}.Debug|Any CPU.ActiveCfg = Debug|Any CPU
		{8868E7AF-D902-4D35-A4CE-45D4125379D9}.Debug|Any CPU.Build.0 = Debug|Any CPU
		{8868E7AF-D902-4D35-A4CE-45D4125379D9}.Release|Any CPU.ActiveCfg = Release|Any CPU
		{8868E7AF-D902-4D35-A4CE-45D4125379D9}.Release|Any CPU.Build.0 = Release|Any CPU
		{35A7DC2B-40B0-4297-8063-E56B422A2A6C}.Debug|Any CPU.ActiveCfg = Debug|Any CPU
		{35A7DC2B-40B0-4297-8063-E56B422A2A6C}.Debug|Any CPU.Build.0 = Debug|Any CPU
		{35A7DC2B-40B0-4297-8063-E56B422A2A6C}.Release|Any CPU.ActiveCfg = Release|Any CPU
		{35A7DC2B-40B0-4297-8063-E56B422A2A6C}.Release|Any CPU.Build.0 = Release|Any CPU
		{0295AA4D-2B49-4A2F-A521-A8279378FAD4}.Debug|Any CPU.ActiveCfg = Debug|Any CPU
		{0295AA4D-2B49-4A2F-A521-A8279378FAD4}.Debug|Any CPU.Build.0 = Debug|Any CPU
		{0295AA4D-2B49-4A2F-A521-A8279378FAD4}.Release|Any CPU.ActiveCfg = Release|Any CPU
		{0295AA4D-2B49-4A2F-A521-A8279378FAD4}.Release|Any CPU.Build.0 = Release|Any CPU
		{A8028D28-6117-41D2-BD18-AE1FB72CC378}.Debug|Any CPU.ActiveCfg = Debug|Any CPU
		{A8028D28-6117-41D2-BD18-AE1FB72CC378}.Debug|Any CPU.Build.0 = Debug|Any CPU
		{A8028D28-6117-41D2-BD18-AE1FB72CC378}.Release|Any CPU.ActiveCfg = Release|Any CPU
		{A8028D28-6117-41D2-BD18-AE1FB72CC378}.Release|Any CPU.Build.0 = Release|Any CPU
		{18121DA1-96D1-4F19-A91C-BEB826A420B3}.Debug|Any CPU.ActiveCfg = Debug|Any CPU
		{18121DA1-96D1-4F19-A91C-BEB826A420B3}.Debug|Any CPU.Build.0 = Debug|Any CPU
		{18121DA1-96D1-4F19-A91C-BEB826A420B3}.Release|Any CPU.ActiveCfg = Release|Any CPU
		{18121DA1-96D1-4F19-A91C-BEB826A420B3}.Release|Any CPU.Build.0 = Release|Any CPU
		{ECA364DA-F9B0-4447-B3C7-66FD36B5535D}.Debug|Any CPU.ActiveCfg = Debug|Any CPU
		{ECA364DA-F9B0-4447-B3C7-66FD36B5535D}.Debug|Any CPU.Build.0 = Debug|Any CPU
		{ECA364DA-F9B0-4447-B3C7-66FD36B5535D}.Release|Any CPU.ActiveCfg = Release|Any CPU
		{ECA364DA-F9B0-4447-B3C7-66FD36B5535D}.Release|Any CPU.Build.0 = Release|Any CPU
		{BF66436C-7A5D-47FC-A299-75D95E766247}.Debug|Any CPU.ActiveCfg = Debug|Any CPU
		{BF66436C-7A5D-47FC-A299-75D95E766247}.Debug|Any CPU.Build.0 = Debug|Any CPU
		{BF66436C-7A5D-47FC-A299-75D95E766247}.Release|Any CPU.ActiveCfg = Release|Any CPU
		{BF66436C-7A5D-47FC-A299-75D95E766247}.Release|Any CPU.Build.0 = Release|Any CPU
		{3E0B6AC0-420D-412C-BC23-985AB94AF91D}.Debug|Any CPU.ActiveCfg = Debug|Any CPU
		{3E0B6AC0-420D-412C-BC23-985AB94AF91D}.Debug|Any CPU.Build.0 = Debug|Any CPU
		{3E0B6AC0-420D-412C-BC23-985AB94AF91D}.Release|Any CPU.ActiveCfg = Release|Any CPU
		{3E0B6AC0-420D-412C-BC23-985AB94AF91D}.Release|Any CPU.Build.0 = Release|Any CPU
		{A0B06D54-00BA-4750-A1CA-BA5AC2A0DEE5}.Debug|Any CPU.ActiveCfg = Debug|Any CPU
		{A0B06D54-00BA-4750-A1CA-BA5AC2A0DEE5}.Debug|Any CPU.Build.0 = Debug|Any CPU
		{A0B06D54-00BA-4750-A1CA-BA5AC2A0DEE5}.Release|Any CPU.ActiveCfg = Release|Any CPU
		{A0B06D54-00BA-4750-A1CA-BA5AC2A0DEE5}.Release|Any CPU.Build.0 = Release|Any CPU
		{C4D78AF7-2EE5-47E3-A4E3-BD2A6A9E9C86}.Debug|Any CPU.ActiveCfg = Debug|Any CPU
		{C4D78AF7-2EE5-47E3-A4E3-BD2A6A9E9C86}.Debug|Any CPU.Build.0 = Debug|Any CPU
		{C4D78AF7-2EE5-47E3-A4E3-BD2A6A9E9C86}.Release|Any CPU.ActiveCfg = Release|Any CPU
		{C4D78AF7-2EE5-47E3-A4E3-BD2A6A9E9C86}.Release|Any CPU.Build.0 = Release|Any CPU
		{D0E28C7F-0997-4341-A6E4-46CEC0E07A64}.Debug|Any CPU.ActiveCfg = Debug|Any CPU
		{D0E28C7F-0997-4341-A6E4-46CEC0E07A64}.Debug|Any CPU.Build.0 = Debug|Any CPU
		{D0E28C7F-0997-4341-A6E4-46CEC0E07A64}.Release|Any CPU.ActiveCfg = Release|Any CPU
		{D0E28C7F-0997-4341-A6E4-46CEC0E07A64}.Release|Any CPU.Build.0 = Release|Any CPU
		{A6E465CB-C762-48B1-87F5-0AF6848F80F3}.Debug|Any CPU.ActiveCfg = Debug|Any CPU
		{A6E465CB-C762-48B1-87F5-0AF6848F80F3}.Debug|Any CPU.Build.0 = Debug|Any CPU
		{A6E465CB-C762-48B1-87F5-0AF6848F80F3}.Release|Any CPU.ActiveCfg = Release|Any CPU
		{A6E465CB-C762-48B1-87F5-0AF6848F80F3}.Release|Any CPU.Build.0 = Release|Any CPU
	EndGlobalSection
	GlobalSection(SolutionProperties) = preSolution
		HideSolutionNode = FALSE
	EndGlobalSection
	GlobalSection(ExtensibilityGlobals) = postSolution
		SolutionGuid = {2DADAE8B-41D4-4E50-BEEF-AB26D7381829}
	EndGlobalSection
EndGlobal
